
Microsoft Visual Studio Solution File, Format Version 12.00
# Visual Studio Version 16
VisualStudioVersion = 16.0.28803.202
MinimumVisualStudioVersion = 10.0.40219.1
Project("{9A19103F-16F7-4668-BE54-9A1E7A4F7556}") = "MarketMonitor", "MarketMonitor\MarketMonitor\MarketMonitor.csproj", "{C7F72B9A-0356-4D80-9533-069AADDB1601}"
EndProject
Project("{9A19103F-16F7-4668-BE54-9A1E7A4F7556}") = "CoinMarketCap", "CoinMarketCap\CoinMarketCap.csproj", "{7F2CBC08-5A48-4FE1-A577-CB4AF7EE515F}"
EndProject
Project("{FAE04EC0-301F-11D3-BF4B-00C04F79EFBC}") = "ConsoleTestApp", "ConsoleTestApp\ConsoleTestApp.csproj", "{36E6EE52-77A4-4CEC-BA08-2C0CB6C186BD}"
EndProject
Project("{9A19103F-16F7-4668-BE54-9A1E7A4F7556}") = "Nomics", "Nomics\Nomics.csproj", "{423BF0E4-28B7-4043-ACD0-7F1FB433858E}"
EndProject
Project("{9A19103F-16F7-4668-BE54-9A1E7A4F7556}") = "CypherUtil", "CypherUtil\CypherUtil.csproj", "{2FFE2052-38BB-4BE4-9CFB-32D7572A384C}"
EndProject
Project("{FAE04EC0-301F-11D3-BF4B-00C04F79EFBC}") = "MarketMonitor.WPF", "MarketMonitor.WPF\MarketMonitor.WPF.csproj", "{92E9FDB3-A27A-414B-AEB5-CDA021001E16}"
EndProject
Project("{9A19103F-16F7-4668-BE54-9A1E7A4F7556}") = "BlockChain", "BlockChain\BlockChain.csproj", "{C589566C-E8AB-4E80-89B9-C274A72FC217}"
EndProject
Project("{9A19103F-16F7-4668-BE54-9A1E7A4F7556}") = "KeyStore", "KeyStore\KeyStore.csproj", "{E33F36C0-26DB-4EFF-BEDE-AE0BCC14C79A}"
EndProject
Project("{9A19103F-16F7-4668-BE54-9A1E7A4F7556}") = "StrategiesAndIndicators", "StrategiesAndIndicators\StrategiesAndIndicators.csproj", "{84DEEC76-8D84-420E-87E3-F08A20304576}"
EndProject
Project("{FAE04EC0-301F-11D3-BF4B-00C04F79EFBC}") = "EncryptorDecryptor", "EncryptorDecryptor\EncryptorDecryptor.csproj", "{D0949230-147C-43E1-B21B-36FF7D9B8E64}"
EndProject
Project("{FAE04EC0-301F-11D3-BF4B-00C04F79EFBC}") = "NethereumTest", "NethereumTest\NethereumTest.csproj", "{2E658CFD-462B-449F-BF4D-09FBC334A4C4}"
EndProject
Project("{9A19103F-16F7-4668-BE54-9A1E7A4F7556}") = "NodeServices", "NodeServices\NodeServices.csproj", "{050A99D4-5A26-4507-A3D2-3BF610DCF332}"
EndProject
Project("{9A19103F-16F7-4668-BE54-9A1E7A4F7556}") = "NodeModels", "NodeModels\NodeModels.csproj", "{5F5486CA-80BF-4208-9921-CDF84ADC2D28}"
EndProject
Project("{2150E333-8FDC-42A3-9474-1A3956D46DE8}") = "APIs", "APIs", "{90134DC9-8CC5-4F70-8C7F-ABB3FD0A6EDB}"
EndProject
Project("{9A19103F-16F7-4668-BE54-9A1E7A4F7556}") = "WhaleAlert", "WhaleAlert\WhaleAlert.csproj", "{D7FABB32-6F79-47F6-9C88-E285C6D17CD3}"
EndProject
Project("{9A19103F-16F7-4668-BE54-9A1E7A4F7556}") = "RESTApi", "RESTApi\RESTApi.csproj", "{2B9D789E-AF6F-490C-AF52-D94238ED8C15}"
EndProject
Project("{FAE04EC0-301F-11D3-BF4B-00C04F79EFBC}") = "MVVMSupport", "MVVMSupport\MVVMSupport.csproj", "{B16448B8-366A-48DD-A6E8-84C75F170AE6}"
EndProject
Global
	GlobalSection(SolutionConfigurationPlatforms) = preSolution
		Ad-Hoc|Any CPU = Ad-Hoc|Any CPU
		Ad-Hoc|ARM = Ad-Hoc|ARM
		Ad-Hoc|iPhone = Ad-Hoc|iPhone
		Ad-Hoc|iPhoneSimulator = Ad-Hoc|iPhoneSimulator
		Ad-Hoc|x64 = Ad-Hoc|x64
		Ad-Hoc|x86 = Ad-Hoc|x86
		AppStore|Any CPU = AppStore|Any CPU
		AppStore|ARM = AppStore|ARM
		AppStore|iPhone = AppStore|iPhone
		AppStore|iPhoneSimulator = AppStore|iPhoneSimulator
		AppStore|x64 = AppStore|x64
		AppStore|x86 = AppStore|x86
		Debug|Any CPU = Debug|Any CPU
		Debug|ARM = Debug|ARM
		Debug|iPhone = Debug|iPhone
		Debug|iPhoneSimulator = Debug|iPhoneSimulator
		Debug|x64 = Debug|x64
		Debug|x86 = Debug|x86
		Release|Any CPU = Release|Any CPU
		Release|ARM = Release|ARM
		Release|iPhone = Release|iPhone
		Release|iPhoneSimulator = Release|iPhoneSimulator
		Release|x64 = Release|x64
		Release|x86 = Release|x86
	EndGlobalSection
	GlobalSection(ProjectConfigurationPlatforms) = postSolution
		{C7F72B9A-0356-4D80-9533-069AADDB1601}.Ad-Hoc|Any CPU.ActiveCfg = Release|Any CPU
		{C7F72B9A-0356-4D80-9533-069AADDB1601}.Ad-Hoc|Any CPU.Build.0 = Release|Any CPU
		{C7F72B9A-0356-4D80-9533-069AADDB1601}.Ad-Hoc|ARM.ActiveCfg = Release|Any CPU
		{C7F72B9A-0356-4D80-9533-069AADDB1601}.Ad-Hoc|ARM.Build.0 = Release|Any CPU
		{C7F72B9A-0356-4D80-9533-069AADDB1601}.Ad-Hoc|iPhone.ActiveCfg = Release|Any CPU
		{C7F72B9A-0356-4D80-9533-069AADDB1601}.Ad-Hoc|iPhone.Build.0 = Release|Any CPU
		{C7F72B9A-0356-4D80-9533-069AADDB1601}.Ad-Hoc|iPhoneSimulator.ActiveCfg = Release|Any CPU
		{C7F72B9A-0356-4D80-9533-069AADDB1601}.Ad-Hoc|iPhoneSimulator.Build.0 = Release|Any CPU
		{C7F72B9A-0356-4D80-9533-069AADDB1601}.Ad-Hoc|x64.ActiveCfg = Release|Any CPU
		{C7F72B9A-0356-4D80-9533-069AADDB1601}.Ad-Hoc|x64.Build.0 = Release|Any CPU
		{C7F72B9A-0356-4D80-9533-069AADDB1601}.Ad-Hoc|x86.ActiveCfg = Release|Any CPU
		{C7F72B9A-0356-4D80-9533-069AADDB1601}.Ad-Hoc|x86.Build.0 = Release|Any CPU
		{C7F72B9A-0356-4D80-9533-069AADDB1601}.AppStore|Any CPU.ActiveCfg = Release|Any CPU
		{C7F72B9A-0356-4D80-9533-069AADDB1601}.AppStore|Any CPU.Build.0 = Release|Any CPU
		{C7F72B9A-0356-4D80-9533-069AADDB1601}.AppStore|ARM.ActiveCfg = Release|Any CPU
		{C7F72B9A-0356-4D80-9533-069AADDB1601}.AppStore|ARM.Build.0 = Release|Any CPU
		{C7F72B9A-0356-4D80-9533-069AADDB1601}.AppStore|iPhone.ActiveCfg = Release|Any CPU
		{C7F72B9A-0356-4D80-9533-069AADDB1601}.AppStore|iPhone.Build.0 = Release|Any CPU
		{C7F72B9A-0356-4D80-9533-069AADDB1601}.AppStore|iPhoneSimulator.ActiveCfg = Release|Any CPU
		{C7F72B9A-0356-4D80-9533-069AADDB1601}.AppStore|iPhoneSimulator.Build.0 = Release|Any CPU
		{C7F72B9A-0356-4D80-9533-069AADDB1601}.AppStore|x64.ActiveCfg = Release|Any CPU
		{C7F72B9A-0356-4D80-9533-069AADDB1601}.AppStore|x64.Build.0 = Release|Any CPU
		{C7F72B9A-0356-4D80-9533-069AADDB1601}.AppStore|x86.ActiveCfg = Release|Any CPU
		{C7F72B9A-0356-4D80-9533-069AADDB1601}.AppStore|x86.Build.0 = Release|Any CPU
		{C7F72B9A-0356-4D80-9533-069AADDB1601}.Debug|Any CPU.ActiveCfg = Debug|Any CPU
		{C7F72B9A-0356-4D80-9533-069AADDB1601}.Debug|Any CPU.Build.0 = Debug|Any CPU
		{C7F72B9A-0356-4D80-9533-069AADDB1601}.Debug|ARM.ActiveCfg = Debug|Any CPU
		{C7F72B9A-0356-4D80-9533-069AADDB1601}.Debug|ARM.Build.0 = Debug|Any CPU
		{C7F72B9A-0356-4D80-9533-069AADDB1601}.Debug|iPhone.ActiveCfg = Debug|Any CPU
		{C7F72B9A-0356-4D80-9533-069AADDB1601}.Debug|iPhone.Build.0 = Debug|Any CPU
		{C7F72B9A-0356-4D80-9533-069AADDB1601}.Debug|iPhoneSimulator.ActiveCfg = Debug|Any CPU
		{C7F72B9A-0356-4D80-9533-069AADDB1601}.Debug|iPhoneSimulator.Build.0 = Debug|Any CPU
		{C7F72B9A-0356-4D80-9533-069AADDB1601}.Debug|x64.ActiveCfg = Debug|Any CPU
		{C7F72B9A-0356-4D80-9533-069AADDB1601}.Debug|x64.Build.0 = Debug|Any CPU
		{C7F72B9A-0356-4D80-9533-069AADDB1601}.Debug|x86.ActiveCfg = Debug|Any CPU
		{C7F72B9A-0356-4D80-9533-069AADDB1601}.Debug|x86.Build.0 = Debug|Any CPU
		{C7F72B9A-0356-4D80-9533-069AADDB1601}.Release|Any CPU.ActiveCfg = Release|Any CPU
		{C7F72B9A-0356-4D80-9533-069AADDB1601}.Release|Any CPU.Build.0 = Release|Any CPU
		{C7F72B9A-0356-4D80-9533-069AADDB1601}.Release|ARM.ActiveCfg = Release|Any CPU
		{C7F72B9A-0356-4D80-9533-069AADDB1601}.Release|ARM.Build.0 = Release|Any CPU
		{C7F72B9A-0356-4D80-9533-069AADDB1601}.Release|iPhone.ActiveCfg = Release|Any CPU
		{C7F72B9A-0356-4D80-9533-069AADDB1601}.Release|iPhone.Build.0 = Release|Any CPU
		{C7F72B9A-0356-4D80-9533-069AADDB1601}.Release|iPhoneSimulator.ActiveCfg = Release|Any CPU
		{C7F72B9A-0356-4D80-9533-069AADDB1601}.Release|iPhoneSimulator.Build.0 = Release|Any CPU
		{C7F72B9A-0356-4D80-9533-069AADDB1601}.Release|x64.ActiveCfg = Release|Any CPU
		{C7F72B9A-0356-4D80-9533-069AADDB1601}.Release|x64.Build.0 = Release|Any CPU
		{C7F72B9A-0356-4D80-9533-069AADDB1601}.Release|x86.ActiveCfg = Release|Any CPU
		{C7F72B9A-0356-4D80-9533-069AADDB1601}.Release|x86.Build.0 = Release|Any CPU
		{7F2CBC08-5A48-4FE1-A577-CB4AF7EE515F}.Ad-Hoc|Any CPU.ActiveCfg = Release|Any CPU
		{7F2CBC08-5A48-4FE1-A577-CB4AF7EE515F}.Ad-Hoc|Any CPU.Build.0 = Release|Any CPU
		{7F2CBC08-5A48-4FE1-A577-CB4AF7EE515F}.Ad-Hoc|ARM.ActiveCfg = Release|Any CPU
		{7F2CBC08-5A48-4FE1-A577-CB4AF7EE515F}.Ad-Hoc|ARM.Build.0 = Release|Any CPU
		{7F2CBC08-5A48-4FE1-A577-CB4AF7EE515F}.Ad-Hoc|iPhone.ActiveCfg = Release|Any CPU
		{7F2CBC08-5A48-4FE1-A577-CB4AF7EE515F}.Ad-Hoc|iPhone.Build.0 = Release|Any CPU
		{7F2CBC08-5A48-4FE1-A577-CB4AF7EE515F}.Ad-Hoc|iPhoneSimulator.ActiveCfg = Release|Any CPU
		{7F2CBC08-5A48-4FE1-A577-CB4AF7EE515F}.Ad-Hoc|iPhoneSimulator.Build.0 = Release|Any CPU
		{7F2CBC08-5A48-4FE1-A577-CB4AF7EE515F}.Ad-Hoc|x64.ActiveCfg = Release|Any CPU
		{7F2CBC08-5A48-4FE1-A577-CB4AF7EE515F}.Ad-Hoc|x64.Build.0 = Release|Any CPU
		{7F2CBC08-5A48-4FE1-A577-CB4AF7EE515F}.Ad-Hoc|x86.ActiveCfg = Release|Any CPU
		{7F2CBC08-5A48-4FE1-A577-CB4AF7EE515F}.Ad-Hoc|x86.Build.0 = Release|Any CPU
		{7F2CBC08-5A48-4FE1-A577-CB4AF7EE515F}.AppStore|Any CPU.ActiveCfg = Release|Any CPU
		{7F2CBC08-5A48-4FE1-A577-CB4AF7EE515F}.AppStore|Any CPU.Build.0 = Release|Any CPU
		{7F2CBC08-5A48-4FE1-A577-CB4AF7EE515F}.AppStore|ARM.ActiveCfg = Release|Any CPU
		{7F2CBC08-5A48-4FE1-A577-CB4AF7EE515F}.AppStore|ARM.Build.0 = Release|Any CPU
		{7F2CBC08-5A48-4FE1-A577-CB4AF7EE515F}.AppStore|iPhone.ActiveCfg = Release|Any CPU
		{7F2CBC08-5A48-4FE1-A577-CB4AF7EE515F}.AppStore|iPhone.Build.0 = Release|Any CPU
		{7F2CBC08-5A48-4FE1-A577-CB4AF7EE515F}.AppStore|iPhoneSimulator.ActiveCfg = Release|Any CPU
		{7F2CBC08-5A48-4FE1-A577-CB4AF7EE515F}.AppStore|iPhoneSimulator.Build.0 = Release|Any CPU
		{7F2CBC08-5A48-4FE1-A577-CB4AF7EE515F}.AppStore|x64.ActiveCfg = Release|Any CPU
		{7F2CBC08-5A48-4FE1-A577-CB4AF7EE515F}.AppStore|x64.Build.0 = Release|Any CPU
		{7F2CBC08-5A48-4FE1-A577-CB4AF7EE515F}.AppStore|x86.ActiveCfg = Release|Any CPU
		{7F2CBC08-5A48-4FE1-A577-CB4AF7EE515F}.AppStore|x86.Build.0 = Release|Any CPU
		{7F2CBC08-5A48-4FE1-A577-CB4AF7EE515F}.Debug|Any CPU.ActiveCfg = Debug|Any CPU
		{7F2CBC08-5A48-4FE1-A577-CB4AF7EE515F}.Debug|Any CPU.Build.0 = Debug|Any CPU
		{7F2CBC08-5A48-4FE1-A577-CB4AF7EE515F}.Debug|ARM.ActiveCfg = Debug|Any CPU
		{7F2CBC08-5A48-4FE1-A577-CB4AF7EE515F}.Debug|ARM.Build.0 = Debug|Any CPU
		{7F2CBC08-5A48-4FE1-A577-CB4AF7EE515F}.Debug|iPhone.ActiveCfg = Debug|Any CPU
		{7F2CBC08-5A48-4FE1-A577-CB4AF7EE515F}.Debug|iPhone.Build.0 = Debug|Any CPU
		{7F2CBC08-5A48-4FE1-A577-CB4AF7EE515F}.Debug|iPhoneSimulator.ActiveCfg = Debug|Any CPU
		{7F2CBC08-5A48-4FE1-A577-CB4AF7EE515F}.Debug|iPhoneSimulator.Build.0 = Debug|Any CPU
		{7F2CBC08-5A48-4FE1-A577-CB4AF7EE515F}.Debug|x64.ActiveCfg = Debug|Any CPU
		{7F2CBC08-5A48-4FE1-A577-CB4AF7EE515F}.Debug|x64.Build.0 = Debug|Any CPU
		{7F2CBC08-5A48-4FE1-A577-CB4AF7EE515F}.Debug|x86.ActiveCfg = Debug|Any CPU
		{7F2CBC08-5A48-4FE1-A577-CB4AF7EE515F}.Debug|x86.Build.0 = Debug|Any CPU
		{7F2CBC08-5A48-4FE1-A577-CB4AF7EE515F}.Release|Any CPU.ActiveCfg = Release|Any CPU
		{7F2CBC08-5A48-4FE1-A577-CB4AF7EE515F}.Release|Any CPU.Build.0 = Release|Any CPU
		{7F2CBC08-5A48-4FE1-A577-CB4AF7EE515F}.Release|ARM.ActiveCfg = Release|Any CPU
		{7F2CBC08-5A48-4FE1-A577-CB4AF7EE515F}.Release|ARM.Build.0 = Release|Any CPU
		{7F2CBC08-5A48-4FE1-A577-CB4AF7EE515F}.Release|iPhone.ActiveCfg = Release|Any CPU
		{7F2CBC08-5A48-4FE1-A577-CB4AF7EE515F}.Release|iPhone.Build.0 = Release|Any CPU
		{7F2CBC08-5A48-4FE1-A577-CB4AF7EE515F}.Release|iPhoneSimulator.ActiveCfg = Release|Any CPU
		{7F2CBC08-5A48-4FE1-A577-CB4AF7EE515F}.Release|iPhoneSimulator.Build.0 = Release|Any CPU
		{7F2CBC08-5A48-4FE1-A577-CB4AF7EE515F}.Release|x64.ActiveCfg = Release|Any CPU
		{7F2CBC08-5A48-4FE1-A577-CB4AF7EE515F}.Release|x64.Build.0 = Release|Any CPU
		{7F2CBC08-5A48-4FE1-A577-CB4AF7EE515F}.Release|x86.ActiveCfg = Release|Any CPU
		{7F2CBC08-5A48-4FE1-A577-CB4AF7EE515F}.Release|x86.Build.0 = Release|Any CPU
		{36E6EE52-77A4-4CEC-BA08-2C0CB6C186BD}.Ad-Hoc|Any CPU.ActiveCfg = Release|Any CPU
		{36E6EE52-77A4-4CEC-BA08-2C0CB6C186BD}.Ad-Hoc|Any CPU.Build.0 = Release|Any CPU
		{36E6EE52-77A4-4CEC-BA08-2C0CB6C186BD}.Ad-Hoc|ARM.ActiveCfg = Release|Any CPU
		{36E6EE52-77A4-4CEC-BA08-2C0CB6C186BD}.Ad-Hoc|ARM.Build.0 = Release|Any CPU
		{36E6EE52-77A4-4CEC-BA08-2C0CB6C186BD}.Ad-Hoc|iPhone.ActiveCfg = Release|Any CPU
		{36E6EE52-77A4-4CEC-BA08-2C0CB6C186BD}.Ad-Hoc|iPhone.Build.0 = Release|Any CPU
		{36E6EE52-77A4-4CEC-BA08-2C0CB6C186BD}.Ad-Hoc|iPhoneSimulator.ActiveCfg = Release|Any CPU
		{36E6EE52-77A4-4CEC-BA08-2C0CB6C186BD}.Ad-Hoc|iPhoneSimulator.Build.0 = Release|Any CPU
		{36E6EE52-77A4-4CEC-BA08-2C0CB6C186BD}.Ad-Hoc|x64.ActiveCfg = Release|Any CPU
		{36E6EE52-77A4-4CEC-BA08-2C0CB6C186BD}.Ad-Hoc|x64.Build.0 = Release|Any CPU
		{36E6EE52-77A4-4CEC-BA08-2C0CB6C186BD}.Ad-Hoc|x86.ActiveCfg = Release|Any CPU
		{36E6EE52-77A4-4CEC-BA08-2C0CB6C186BD}.Ad-Hoc|x86.Build.0 = Release|Any CPU
		{36E6EE52-77A4-4CEC-BA08-2C0CB6C186BD}.AppStore|Any CPU.ActiveCfg = Release|Any CPU
		{36E6EE52-77A4-4CEC-BA08-2C0CB6C186BD}.AppStore|Any CPU.Build.0 = Release|Any CPU
		{36E6EE52-77A4-4CEC-BA08-2C0CB6C186BD}.AppStore|ARM.ActiveCfg = Release|Any CPU
		{36E6EE52-77A4-4CEC-BA08-2C0CB6C186BD}.AppStore|ARM.Build.0 = Release|Any CPU
		{36E6EE52-77A4-4CEC-BA08-2C0CB6C186BD}.AppStore|iPhone.ActiveCfg = Release|Any CPU
		{36E6EE52-77A4-4CEC-BA08-2C0CB6C186BD}.AppStore|iPhone.Build.0 = Release|Any CPU
		{36E6EE52-77A4-4CEC-BA08-2C0CB6C186BD}.AppStore|iPhoneSimulator.ActiveCfg = Release|Any CPU
		{36E6EE52-77A4-4CEC-BA08-2C0CB6C186BD}.AppStore|iPhoneSimulator.Build.0 = Release|Any CPU
		{36E6EE52-77A4-4CEC-BA08-2C0CB6C186BD}.AppStore|x64.ActiveCfg = Release|Any CPU
		{36E6EE52-77A4-4CEC-BA08-2C0CB6C186BD}.AppStore|x64.Build.0 = Release|Any CPU
		{36E6EE52-77A4-4CEC-BA08-2C0CB6C186BD}.AppStore|x86.ActiveCfg = Release|Any CPU
		{36E6EE52-77A4-4CEC-BA08-2C0CB6C186BD}.AppStore|x86.Build.0 = Release|Any CPU
		{36E6EE52-77A4-4CEC-BA08-2C0CB6C186BD}.Debug|Any CPU.ActiveCfg = Debug|Any CPU
		{36E6EE52-77A4-4CEC-BA08-2C0CB6C186BD}.Debug|Any CPU.Build.0 = Debug|Any CPU
		{36E6EE52-77A4-4CEC-BA08-2C0CB6C186BD}.Debug|ARM.ActiveCfg = Debug|Any CPU
		{36E6EE52-77A4-4CEC-BA08-2C0CB6C186BD}.Debug|ARM.Build.0 = Debug|Any CPU
		{36E6EE52-77A4-4CEC-BA08-2C0CB6C186BD}.Debug|iPhone.ActiveCfg = Debug|Any CPU
		{36E6EE52-77A4-4CEC-BA08-2C0CB6C186BD}.Debug|iPhone.Build.0 = Debug|Any CPU
		{36E6EE52-77A4-4CEC-BA08-2C0CB6C186BD}.Debug|iPhoneSimulator.ActiveCfg = Debug|Any CPU
		{36E6EE52-77A4-4CEC-BA08-2C0CB6C186BD}.Debug|iPhoneSimulator.Build.0 = Debug|Any CPU
		{36E6EE52-77A4-4CEC-BA08-2C0CB6C186BD}.Debug|x64.ActiveCfg = Debug|Any CPU
		{36E6EE52-77A4-4CEC-BA08-2C0CB6C186BD}.Debug|x64.Build.0 = Debug|Any CPU
		{36E6EE52-77A4-4CEC-BA08-2C0CB6C186BD}.Debug|x86.ActiveCfg = Debug|Any CPU
		{36E6EE52-77A4-4CEC-BA08-2C0CB6C186BD}.Debug|x86.Build.0 = Debug|Any CPU
		{36E6EE52-77A4-4CEC-BA08-2C0CB6C186BD}.Release|Any CPU.ActiveCfg = Release|Any CPU
		{36E6EE52-77A4-4CEC-BA08-2C0CB6C186BD}.Release|Any CPU.Build.0 = Release|Any CPU
		{36E6EE52-77A4-4CEC-BA08-2C0CB6C186BD}.Release|ARM.ActiveCfg = Release|Any CPU
		{36E6EE52-77A4-4CEC-BA08-2C0CB6C186BD}.Release|ARM.Build.0 = Release|Any CPU
		{36E6EE52-77A4-4CEC-BA08-2C0CB6C186BD}.Release|iPhone.ActiveCfg = Release|Any CPU
		{36E6EE52-77A4-4CEC-BA08-2C0CB6C186BD}.Release|iPhone.Build.0 = Release|Any CPU
		{36E6EE52-77A4-4CEC-BA08-2C0CB6C186BD}.Release|iPhoneSimulator.ActiveCfg = Release|Any CPU
		{36E6EE52-77A4-4CEC-BA08-2C0CB6C186BD}.Release|iPhoneSimulator.Build.0 = Release|Any CPU
		{36E6EE52-77A4-4CEC-BA08-2C0CB6C186BD}.Release|x64.ActiveCfg = Release|Any CPU
		{36E6EE52-77A4-4CEC-BA08-2C0CB6C186BD}.Release|x64.Build.0 = Release|Any CPU
		{36E6EE52-77A4-4CEC-BA08-2C0CB6C186BD}.Release|x86.ActiveCfg = Release|Any CPU
		{36E6EE52-77A4-4CEC-BA08-2C0CB6C186BD}.Release|x86.Build.0 = Release|Any CPU
		{423BF0E4-28B7-4043-ACD0-7F1FB433858E}.Ad-Hoc|Any CPU.ActiveCfg = Release|Any CPU
		{423BF0E4-28B7-4043-ACD0-7F1FB433858E}.Ad-Hoc|Any CPU.Build.0 = Release|Any CPU
		{423BF0E4-28B7-4043-ACD0-7F1FB433858E}.Ad-Hoc|ARM.ActiveCfg = Release|Any CPU
		{423BF0E4-28B7-4043-ACD0-7F1FB433858E}.Ad-Hoc|ARM.Build.0 = Release|Any CPU
		{423BF0E4-28B7-4043-ACD0-7F1FB433858E}.Ad-Hoc|iPhone.ActiveCfg = Release|Any CPU
		{423BF0E4-28B7-4043-ACD0-7F1FB433858E}.Ad-Hoc|iPhone.Build.0 = Release|Any CPU
		{423BF0E4-28B7-4043-ACD0-7F1FB433858E}.Ad-Hoc|iPhoneSimulator.ActiveCfg = Release|Any CPU
		{423BF0E4-28B7-4043-ACD0-7F1FB433858E}.Ad-Hoc|iPhoneSimulator.Build.0 = Release|Any CPU
		{423BF0E4-28B7-4043-ACD0-7F1FB433858E}.Ad-Hoc|x64.ActiveCfg = Release|Any CPU
		{423BF0E4-28B7-4043-ACD0-7F1FB433858E}.Ad-Hoc|x64.Build.0 = Release|Any CPU
		{423BF0E4-28B7-4043-ACD0-7F1FB433858E}.Ad-Hoc|x86.ActiveCfg = Release|Any CPU
		{423BF0E4-28B7-4043-ACD0-7F1FB433858E}.Ad-Hoc|x86.Build.0 = Release|Any CPU
		{423BF0E4-28B7-4043-ACD0-7F1FB433858E}.AppStore|Any CPU.ActiveCfg = Release|Any CPU
		{423BF0E4-28B7-4043-ACD0-7F1FB433858E}.AppStore|Any CPU.Build.0 = Release|Any CPU
		{423BF0E4-28B7-4043-ACD0-7F1FB433858E}.AppStore|ARM.ActiveCfg = Release|Any CPU
		{423BF0E4-28B7-4043-ACD0-7F1FB433858E}.AppStore|ARM.Build.0 = Release|Any CPU
		{423BF0E4-28B7-4043-ACD0-7F1FB433858E}.AppStore|iPhone.ActiveCfg = Release|Any CPU
		{423BF0E4-28B7-4043-ACD0-7F1FB433858E}.AppStore|iPhone.Build.0 = Release|Any CPU
		{423BF0E4-28B7-4043-ACD0-7F1FB433858E}.AppStore|iPhoneSimulator.ActiveCfg = Release|Any CPU
		{423BF0E4-28B7-4043-ACD0-7F1FB433858E}.AppStore|iPhoneSimulator.Build.0 = Release|Any CPU
		{423BF0E4-28B7-4043-ACD0-7F1FB433858E}.AppStore|x64.ActiveCfg = Release|Any CPU
		{423BF0E4-28B7-4043-ACD0-7F1FB433858E}.AppStore|x64.Build.0 = Release|Any CPU
		{423BF0E4-28B7-4043-ACD0-7F1FB433858E}.AppStore|x86.ActiveCfg = Release|Any CPU
		{423BF0E4-28B7-4043-ACD0-7F1FB433858E}.AppStore|x86.Build.0 = Release|Any CPU
		{423BF0E4-28B7-4043-ACD0-7F1FB433858E}.Debug|Any CPU.ActiveCfg = Debug|Any CPU
		{423BF0E4-28B7-4043-ACD0-7F1FB433858E}.Debug|Any CPU.Build.0 = Debug|Any CPU
		{423BF0E4-28B7-4043-ACD0-7F1FB433858E}.Debug|ARM.ActiveCfg = Debug|Any CPU
		{423BF0E4-28B7-4043-ACD0-7F1FB433858E}.Debug|ARM.Build.0 = Debug|Any CPU
		{423BF0E4-28B7-4043-ACD0-7F1FB433858E}.Debug|iPhone.ActiveCfg = Debug|Any CPU
		{423BF0E4-28B7-4043-ACD0-7F1FB433858E}.Debug|iPhone.Build.0 = Debug|Any CPU
		{423BF0E4-28B7-4043-ACD0-7F1FB433858E}.Debug|iPhoneSimulator.ActiveCfg = Debug|Any CPU
		{423BF0E4-28B7-4043-ACD0-7F1FB433858E}.Debug|iPhoneSimulator.Build.0 = Debug|Any CPU
		{423BF0E4-28B7-4043-ACD0-7F1FB433858E}.Debug|x64.ActiveCfg = Debug|Any CPU
		{423BF0E4-28B7-4043-ACD0-7F1FB433858E}.Debug|x64.Build.0 = Debug|Any CPU
		{423BF0E4-28B7-4043-ACD0-7F1FB433858E}.Debug|x86.ActiveCfg = Debug|Any CPU
		{423BF0E4-28B7-4043-ACD0-7F1FB433858E}.Debug|x86.Build.0 = Debug|Any CPU
		{423BF0E4-28B7-4043-ACD0-7F1FB433858E}.Release|Any CPU.ActiveCfg = Release|Any CPU
		{423BF0E4-28B7-4043-ACD0-7F1FB433858E}.Release|Any CPU.Build.0 = Release|Any CPU
		{423BF0E4-28B7-4043-ACD0-7F1FB433858E}.Release|ARM.ActiveCfg = Release|Any CPU
		{423BF0E4-28B7-4043-ACD0-7F1FB433858E}.Release|ARM.Build.0 = Release|Any CPU
		{423BF0E4-28B7-4043-ACD0-7F1FB433858E}.Release|iPhone.ActiveCfg = Release|Any CPU
		{423BF0E4-28B7-4043-ACD0-7F1FB433858E}.Release|iPhone.Build.0 = Release|Any CPU
		{423BF0E4-28B7-4043-ACD0-7F1FB433858E}.Release|iPhoneSimulator.ActiveCfg = Release|Any CPU
		{423BF0E4-28B7-4043-ACD0-7F1FB433858E}.Release|iPhoneSimulator.Build.0 = Release|Any CPU
		{423BF0E4-28B7-4043-ACD0-7F1FB433858E}.Release|x64.ActiveCfg = Release|Any CPU
		{423BF0E4-28B7-4043-ACD0-7F1FB433858E}.Release|x64.Build.0 = Release|Any CPU
		{423BF0E4-28B7-4043-ACD0-7F1FB433858E}.Release|x86.ActiveCfg = Release|Any CPU
		{423BF0E4-28B7-4043-ACD0-7F1FB433858E}.Release|x86.Build.0 = Release|Any CPU
		{2FFE2052-38BB-4BE4-9CFB-32D7572A384C}.Ad-Hoc|Any CPU.ActiveCfg = Release|Any CPU
		{2FFE2052-38BB-4BE4-9CFB-32D7572A384C}.Ad-Hoc|Any CPU.Build.0 = Release|Any CPU
		{2FFE2052-38BB-4BE4-9CFB-32D7572A384C}.Ad-Hoc|ARM.ActiveCfg = Release|Any CPU
		{2FFE2052-38BB-4BE4-9CFB-32D7572A384C}.Ad-Hoc|ARM.Build.0 = Release|Any CPU
		{2FFE2052-38BB-4BE4-9CFB-32D7572A384C}.Ad-Hoc|iPhone.ActiveCfg = Release|Any CPU
		{2FFE2052-38BB-4BE4-9CFB-32D7572A384C}.Ad-Hoc|iPhone.Build.0 = Release|Any CPU
		{2FFE2052-38BB-4BE4-9CFB-32D7572A384C}.Ad-Hoc|iPhoneSimulator.ActiveCfg = Release|Any CPU
		{2FFE2052-38BB-4BE4-9CFB-32D7572A384C}.Ad-Hoc|iPhoneSimulator.Build.0 = Release|Any CPU
		{2FFE2052-38BB-4BE4-9CFB-32D7572A384C}.Ad-Hoc|x64.ActiveCfg = Release|Any CPU
		{2FFE2052-38BB-4BE4-9CFB-32D7572A384C}.Ad-Hoc|x64.Build.0 = Release|Any CPU
		{2FFE2052-38BB-4BE4-9CFB-32D7572A384C}.Ad-Hoc|x86.ActiveCfg = Release|Any CPU
		{2FFE2052-38BB-4BE4-9CFB-32D7572A384C}.Ad-Hoc|x86.Build.0 = Release|Any CPU
		{2FFE2052-38BB-4BE4-9CFB-32D7572A384C}.AppStore|Any CPU.ActiveCfg = Release|Any CPU
		{2FFE2052-38BB-4BE4-9CFB-32D7572A384C}.AppStore|Any CPU.Build.0 = Release|Any CPU
		{2FFE2052-38BB-4BE4-9CFB-32D7572A384C}.AppStore|ARM.ActiveCfg = Release|Any CPU
		{2FFE2052-38BB-4BE4-9CFB-32D7572A384C}.AppStore|ARM.Build.0 = Release|Any CPU
		{2FFE2052-38BB-4BE4-9CFB-32D7572A384C}.AppStore|iPhone.ActiveCfg = Release|Any CPU
		{2FFE2052-38BB-4BE4-9CFB-32D7572A384C}.AppStore|iPhone.Build.0 = Release|Any CPU
		{2FFE2052-38BB-4BE4-9CFB-32D7572A384C}.AppStore|iPhoneSimulator.ActiveCfg = Release|Any CPU
		{2FFE2052-38BB-4BE4-9CFB-32D7572A384C}.AppStore|iPhoneSimulator.Build.0 = Release|Any CPU
		{2FFE2052-38BB-4BE4-9CFB-32D7572A384C}.AppStore|x64.ActiveCfg = Release|Any CPU
		{2FFE2052-38BB-4BE4-9CFB-32D7572A384C}.AppStore|x64.Build.0 = Release|Any CPU
		{2FFE2052-38BB-4BE4-9CFB-32D7572A384C}.AppStore|x86.ActiveCfg = Release|Any CPU
		{2FFE2052-38BB-4BE4-9CFB-32D7572A384C}.AppStore|x86.Build.0 = Release|Any CPU
		{2FFE2052-38BB-4BE4-9CFB-32D7572A384C}.Debug|Any CPU.ActiveCfg = Debug|Any CPU
		{2FFE2052-38BB-4BE4-9CFB-32D7572A384C}.Debug|Any CPU.Build.0 = Debug|Any CPU
		{2FFE2052-38BB-4BE4-9CFB-32D7572A384C}.Debug|ARM.ActiveCfg = Debug|Any CPU
		{2FFE2052-38BB-4BE4-9CFB-32D7572A384C}.Debug|ARM.Build.0 = Debug|Any CPU
		{2FFE2052-38BB-4BE4-9CFB-32D7572A384C}.Debug|iPhone.ActiveCfg = Debug|Any CPU
		{2FFE2052-38BB-4BE4-9CFB-32D7572A384C}.Debug|iPhone.Build.0 = Debug|Any CPU
		{2FFE2052-38BB-4BE4-9CFB-32D7572A384C}.Debug|iPhoneSimulator.ActiveCfg = Debug|Any CPU
		{2FFE2052-38BB-4BE4-9CFB-32D7572A384C}.Debug|iPhoneSimulator.Build.0 = Debug|Any CPU
		{2FFE2052-38BB-4BE4-9CFB-32D7572A384C}.Debug|x64.ActiveCfg = Debug|Any CPU
		{2FFE2052-38BB-4BE4-9CFB-32D7572A384C}.Debug|x64.Build.0 = Debug|Any CPU
		{2FFE2052-38BB-4BE4-9CFB-32D7572A384C}.Debug|x86.ActiveCfg = Debug|Any CPU
		{2FFE2052-38BB-4BE4-9CFB-32D7572A384C}.Debug|x86.Build.0 = Debug|Any CPU
		{2FFE2052-38BB-4BE4-9CFB-32D7572A384C}.Release|Any CPU.ActiveCfg = Release|Any CPU
		{2FFE2052-38BB-4BE4-9CFB-32D7572A384C}.Release|Any CPU.Build.0 = Release|Any CPU
		{2FFE2052-38BB-4BE4-9CFB-32D7572A384C}.Release|ARM.ActiveCfg = Release|Any CPU
		{2FFE2052-38BB-4BE4-9CFB-32D7572A384C}.Release|ARM.Build.0 = Release|Any CPU
		{2FFE2052-38BB-4BE4-9CFB-32D7572A384C}.Release|iPhone.ActiveCfg = Release|Any CPU
		{2FFE2052-38BB-4BE4-9CFB-32D7572A384C}.Release|iPhone.Build.0 = Release|Any CPU
		{2FFE2052-38BB-4BE4-9CFB-32D7572A384C}.Release|iPhoneSimulator.ActiveCfg = Release|Any CPU
		{2FFE2052-38BB-4BE4-9CFB-32D7572A384C}.Release|iPhoneSimulator.Build.0 = Release|Any CPU
		{2FFE2052-38BB-4BE4-9CFB-32D7572A384C}.Release|x64.ActiveCfg = Release|Any CPU
		{2FFE2052-38BB-4BE4-9CFB-32D7572A384C}.Release|x64.Build.0 = Release|Any CPU
		{2FFE2052-38BB-4BE4-9CFB-32D7572A384C}.Release|x86.ActiveCfg = Release|Any CPU
		{2FFE2052-38BB-4BE4-9CFB-32D7572A384C}.Release|x86.Build.0 = Release|Any CPU
		{92E9FDB3-A27A-414B-AEB5-CDA021001E16}.Ad-Hoc|Any CPU.ActiveCfg = Release|Any CPU
		{92E9FDB3-A27A-414B-AEB5-CDA021001E16}.Ad-Hoc|Any CPU.Build.0 = Release|Any CPU
		{92E9FDB3-A27A-414B-AEB5-CDA021001E16}.Ad-Hoc|ARM.ActiveCfg = Release|Any CPU
		{92E9FDB3-A27A-414B-AEB5-CDA021001E16}.Ad-Hoc|ARM.Build.0 = Release|Any CPU
		{92E9FDB3-A27A-414B-AEB5-CDA021001E16}.Ad-Hoc|iPhone.ActiveCfg = Release|Any CPU
		{92E9FDB3-A27A-414B-AEB5-CDA021001E16}.Ad-Hoc|iPhone.Build.0 = Release|Any CPU
		{92E9FDB3-A27A-414B-AEB5-CDA021001E16}.Ad-Hoc|iPhoneSimulator.ActiveCfg = Release|Any CPU
		{92E9FDB3-A27A-414B-AEB5-CDA021001E16}.Ad-Hoc|iPhoneSimulator.Build.0 = Release|Any CPU
		{92E9FDB3-A27A-414B-AEB5-CDA021001E16}.Ad-Hoc|x64.ActiveCfg = Release|Any CPU
		{92E9FDB3-A27A-414B-AEB5-CDA021001E16}.Ad-Hoc|x64.Build.0 = Release|Any CPU
		{92E9FDB3-A27A-414B-AEB5-CDA021001E16}.Ad-Hoc|x86.ActiveCfg = Release|Any CPU
		{92E9FDB3-A27A-414B-AEB5-CDA021001E16}.Ad-Hoc|x86.Build.0 = Release|Any CPU
		{92E9FDB3-A27A-414B-AEB5-CDA021001E16}.AppStore|Any CPU.ActiveCfg = Release|Any CPU
		{92E9FDB3-A27A-414B-AEB5-CDA021001E16}.AppStore|Any CPU.Build.0 = Release|Any CPU
		{92E9FDB3-A27A-414B-AEB5-CDA021001E16}.AppStore|ARM.ActiveCfg = Release|Any CPU
		{92E9FDB3-A27A-414B-AEB5-CDA021001E16}.AppStore|ARM.Build.0 = Release|Any CPU
		{92E9FDB3-A27A-414B-AEB5-CDA021001E16}.AppStore|iPhone.ActiveCfg = Release|Any CPU
		{92E9FDB3-A27A-414B-AEB5-CDA021001E16}.AppStore|iPhone.Build.0 = Release|Any CPU
		{92E9FDB3-A27A-414B-AEB5-CDA021001E16}.AppStore|iPhoneSimulator.ActiveCfg = Release|Any CPU
		{92E9FDB3-A27A-414B-AEB5-CDA021001E16}.AppStore|iPhoneSimulator.Build.0 = Release|Any CPU
		{92E9FDB3-A27A-414B-AEB5-CDA021001E16}.AppStore|x64.ActiveCfg = Release|Any CPU
		{92E9FDB3-A27A-414B-AEB5-CDA021001E16}.AppStore|x64.Build.0 = Release|Any CPU
		{92E9FDB3-A27A-414B-AEB5-CDA021001E16}.AppStore|x86.ActiveCfg = Release|Any CPU
		{92E9FDB3-A27A-414B-AEB5-CDA021001E16}.AppStore|x86.Build.0 = Release|Any CPU
		{92E9FDB3-A27A-414B-AEB5-CDA021001E16}.Debug|Any CPU.ActiveCfg = Debug|Any CPU
		{92E9FDB3-A27A-414B-AEB5-CDA021001E16}.Debug|Any CPU.Build.0 = Debug|Any CPU
		{92E9FDB3-A27A-414B-AEB5-CDA021001E16}.Debug|ARM.ActiveCfg = Debug|Any CPU
		{92E9FDB3-A27A-414B-AEB5-CDA021001E16}.Debug|ARM.Build.0 = Debug|Any CPU
		{92E9FDB3-A27A-414B-AEB5-CDA021001E16}.Debug|iPhone.ActiveCfg = Debug|Any CPU
		{92E9FDB3-A27A-414B-AEB5-CDA021001E16}.Debug|iPhone.Build.0 = Debug|Any CPU
		{92E9FDB3-A27A-414B-AEB5-CDA021001E16}.Debug|iPhoneSimulator.ActiveCfg = Debug|Any CPU
		{92E9FDB3-A27A-414B-AEB5-CDA021001E16}.Debug|iPhoneSimulator.Build.0 = Debug|Any CPU
		{92E9FDB3-A27A-414B-AEB5-CDA021001E16}.Debug|x64.ActiveCfg = Debug|Any CPU
		{92E9FDB3-A27A-414B-AEB5-CDA021001E16}.Debug|x64.Build.0 = Debug|Any CPU
		{92E9FDB3-A27A-414B-AEB5-CDA021001E16}.Debug|x86.ActiveCfg = Debug|Any CPU
		{92E9FDB3-A27A-414B-AEB5-CDA021001E16}.Debug|x86.Build.0 = Debug|Any CPU
		{92E9FDB3-A27A-414B-AEB5-CDA021001E16}.Release|Any CPU.ActiveCfg = Release|Any CPU
		{92E9FDB3-A27A-414B-AEB5-CDA021001E16}.Release|Any CPU.Build.0 = Release|Any CPU
		{92E9FDB3-A27A-414B-AEB5-CDA021001E16}.Release|ARM.ActiveCfg = Release|Any CPU
		{92E9FDB3-A27A-414B-AEB5-CDA021001E16}.Release|ARM.Build.0 = Release|Any CPU
		{92E9FDB3-A27A-414B-AEB5-CDA021001E16}.Release|iPhone.ActiveCfg = Release|Any CPU
		{92E9FDB3-A27A-414B-AEB5-CDA021001E16}.Release|iPhone.Build.0 = Release|Any CPU
		{92E9FDB3-A27A-414B-AEB5-CDA021001E16}.Release|iPhoneSimulator.ActiveCfg = Release|Any CPU
		{92E9FDB3-A27A-414B-AEB5-CDA021001E16}.Release|iPhoneSimulator.Build.0 = Release|Any CPU
		{92E9FDB3-A27A-414B-AEB5-CDA021001E16}.Release|x64.ActiveCfg = Release|Any CPU
		{92E9FDB3-A27A-414B-AEB5-CDA021001E16}.Release|x64.Build.0 = Release|Any CPU
		{92E9FDB3-A27A-414B-AEB5-CDA021001E16}.Release|x86.ActiveCfg = Release|Any CPU
		{92E9FDB3-A27A-414B-AEB5-CDA021001E16}.Release|x86.Build.0 = Release|Any CPU
		{C589566C-E8AB-4E80-89B9-C274A72FC217}.Ad-Hoc|Any CPU.ActiveCfg = Release|Any CPU
		{C589566C-E8AB-4E80-89B9-C274A72FC217}.Ad-Hoc|Any CPU.Build.0 = Release|Any CPU
		{C589566C-E8AB-4E80-89B9-C274A72FC217}.Ad-Hoc|ARM.ActiveCfg = Release|Any CPU
		{C589566C-E8AB-4E80-89B9-C274A72FC217}.Ad-Hoc|ARM.Build.0 = Release|Any CPU
		{C589566C-E8AB-4E80-89B9-C274A72FC217}.Ad-Hoc|iPhone.ActiveCfg = Release|Any CPU
		{C589566C-E8AB-4E80-89B9-C274A72FC217}.Ad-Hoc|iPhone.Build.0 = Release|Any CPU
		{C589566C-E8AB-4E80-89B9-C274A72FC217}.Ad-Hoc|iPhoneSimulator.ActiveCfg = Release|Any CPU
		{C589566C-E8AB-4E80-89B9-C274A72FC217}.Ad-Hoc|iPhoneSimulator.Build.0 = Release|Any CPU
		{C589566C-E8AB-4E80-89B9-C274A72FC217}.Ad-Hoc|x64.ActiveCfg = Release|Any CPU
		{C589566C-E8AB-4E80-89B9-C274A72FC217}.Ad-Hoc|x64.Build.0 = Release|Any CPU
		{C589566C-E8AB-4E80-89B9-C274A72FC217}.Ad-Hoc|x86.ActiveCfg = Release|Any CPU
		{C589566C-E8AB-4E80-89B9-C274A72FC217}.Ad-Hoc|x86.Build.0 = Release|Any CPU
		{C589566C-E8AB-4E80-89B9-C274A72FC217}.AppStore|Any CPU.ActiveCfg = Release|Any CPU
		{C589566C-E8AB-4E80-89B9-C274A72FC217}.AppStore|Any CPU.Build.0 = Release|Any CPU
		{C589566C-E8AB-4E80-89B9-C274A72FC217}.AppStore|ARM.ActiveCfg = Release|Any CPU
		{C589566C-E8AB-4E80-89B9-C274A72FC217}.AppStore|ARM.Build.0 = Release|Any CPU
		{C589566C-E8AB-4E80-89B9-C274A72FC217}.AppStore|iPhone.ActiveCfg = Release|Any CPU
		{C589566C-E8AB-4E80-89B9-C274A72FC217}.AppStore|iPhone.Build.0 = Release|Any CPU
		{C589566C-E8AB-4E80-89B9-C274A72FC217}.AppStore|iPhoneSimulator.ActiveCfg = Release|Any CPU
		{C589566C-E8AB-4E80-89B9-C274A72FC217}.AppStore|iPhoneSimulator.Build.0 = Release|Any CPU
		{C589566C-E8AB-4E80-89B9-C274A72FC217}.AppStore|x64.ActiveCfg = Release|Any CPU
		{C589566C-E8AB-4E80-89B9-C274A72FC217}.AppStore|x64.Build.0 = Release|Any CPU
		{C589566C-E8AB-4E80-89B9-C274A72FC217}.AppStore|x86.ActiveCfg = Release|Any CPU
		{C589566C-E8AB-4E80-89B9-C274A72FC217}.AppStore|x86.Build.0 = Release|Any CPU
		{C589566C-E8AB-4E80-89B9-C274A72FC217}.Debug|Any CPU.ActiveCfg = Debug|Any CPU
		{C589566C-E8AB-4E80-89B9-C274A72FC217}.Debug|Any CPU.Build.0 = Debug|Any CPU
		{C589566C-E8AB-4E80-89B9-C274A72FC217}.Debug|ARM.ActiveCfg = Debug|Any CPU
		{C589566C-E8AB-4E80-89B9-C274A72FC217}.Debug|ARM.Build.0 = Debug|Any CPU
		{C589566C-E8AB-4E80-89B9-C274A72FC217}.Debug|iPhone.ActiveCfg = Debug|Any CPU
		{C589566C-E8AB-4E80-89B9-C274A72FC217}.Debug|iPhone.Build.0 = Debug|Any CPU
		{C589566C-E8AB-4E80-89B9-C274A72FC217}.Debug|iPhoneSimulator.ActiveCfg = Debug|Any CPU
		{C589566C-E8AB-4E80-89B9-C274A72FC217}.Debug|iPhoneSimulator.Build.0 = Debug|Any CPU
		{C589566C-E8AB-4E80-89B9-C274A72FC217}.Debug|x64.ActiveCfg = Debug|Any CPU
		{C589566C-E8AB-4E80-89B9-C274A72FC217}.Debug|x64.Build.0 = Debug|Any CPU
		{C589566C-E8AB-4E80-89B9-C274A72FC217}.Debug|x86.ActiveCfg = Debug|Any CPU
		{C589566C-E8AB-4E80-89B9-C274A72FC217}.Debug|x86.Build.0 = Debug|Any CPU
		{C589566C-E8AB-4E80-89B9-C274A72FC217}.Release|Any CPU.ActiveCfg = Release|Any CPU
		{C589566C-E8AB-4E80-89B9-C274A72FC217}.Release|Any CPU.Build.0 = Release|Any CPU
		{C589566C-E8AB-4E80-89B9-C274A72FC217}.Release|ARM.ActiveCfg = Release|Any CPU
		{C589566C-E8AB-4E80-89B9-C274A72FC217}.Release|ARM.Build.0 = Release|Any CPU
		{C589566C-E8AB-4E80-89B9-C274A72FC217}.Release|iPhone.ActiveCfg = Release|Any CPU
		{C589566C-E8AB-4E80-89B9-C274A72FC217}.Release|iPhone.Build.0 = Release|Any CPU
		{C589566C-E8AB-4E80-89B9-C274A72FC217}.Release|iPhoneSimulator.ActiveCfg = Release|Any CPU
		{C589566C-E8AB-4E80-89B9-C274A72FC217}.Release|iPhoneSimulator.Build.0 = Release|Any CPU
		{C589566C-E8AB-4E80-89B9-C274A72FC217}.Release|x64.ActiveCfg = Release|Any CPU
		{C589566C-E8AB-4E80-89B9-C274A72FC217}.Release|x64.Build.0 = Release|Any CPU
		{C589566C-E8AB-4E80-89B9-C274A72FC217}.Release|x86.ActiveCfg = Release|Any CPU
		{C589566C-E8AB-4E80-89B9-C274A72FC217}.Release|x86.Build.0 = Release|Any CPU
		{E33F36C0-26DB-4EFF-BEDE-AE0BCC14C79A}.Ad-Hoc|Any CPU.ActiveCfg = Release|Any CPU
		{E33F36C0-26DB-4EFF-BEDE-AE0BCC14C79A}.Ad-Hoc|Any CPU.Build.0 = Release|Any CPU
		{E33F36C0-26DB-4EFF-BEDE-AE0BCC14C79A}.Ad-Hoc|ARM.ActiveCfg = Release|Any CPU
		{E33F36C0-26DB-4EFF-BEDE-AE0BCC14C79A}.Ad-Hoc|ARM.Build.0 = Release|Any CPU
		{E33F36C0-26DB-4EFF-BEDE-AE0BCC14C79A}.Ad-Hoc|iPhone.ActiveCfg = Release|Any CPU
		{E33F36C0-26DB-4EFF-BEDE-AE0BCC14C79A}.Ad-Hoc|iPhone.Build.0 = Release|Any CPU
		{E33F36C0-26DB-4EFF-BEDE-AE0BCC14C79A}.Ad-Hoc|iPhoneSimulator.ActiveCfg = Release|Any CPU
		{E33F36C0-26DB-4EFF-BEDE-AE0BCC14C79A}.Ad-Hoc|iPhoneSimulator.Build.0 = Release|Any CPU
		{E33F36C0-26DB-4EFF-BEDE-AE0BCC14C79A}.Ad-Hoc|x64.ActiveCfg = Release|Any CPU
		{E33F36C0-26DB-4EFF-BEDE-AE0BCC14C79A}.Ad-Hoc|x64.Build.0 = Release|Any CPU
		{E33F36C0-26DB-4EFF-BEDE-AE0BCC14C79A}.Ad-Hoc|x86.ActiveCfg = Release|Any CPU
		{E33F36C0-26DB-4EFF-BEDE-AE0BCC14C79A}.Ad-Hoc|x86.Build.0 = Release|Any CPU
		{E33F36C0-26DB-4EFF-BEDE-AE0BCC14C79A}.AppStore|Any CPU.ActiveCfg = Release|Any CPU
		{E33F36C0-26DB-4EFF-BEDE-AE0BCC14C79A}.AppStore|Any CPU.Build.0 = Release|Any CPU
		{E33F36C0-26DB-4EFF-BEDE-AE0BCC14C79A}.AppStore|ARM.ActiveCfg = Release|Any CPU
		{E33F36C0-26DB-4EFF-BEDE-AE0BCC14C79A}.AppStore|ARM.Build.0 = Release|Any CPU
		{E33F36C0-26DB-4EFF-BEDE-AE0BCC14C79A}.AppStore|iPhone.ActiveCfg = Release|Any CPU
		{E33F36C0-26DB-4EFF-BEDE-AE0BCC14C79A}.AppStore|iPhone.Build.0 = Release|Any CPU
		{E33F36C0-26DB-4EFF-BEDE-AE0BCC14C79A}.AppStore|iPhoneSimulator.ActiveCfg = Release|Any CPU
		{E33F36C0-26DB-4EFF-BEDE-AE0BCC14C79A}.AppStore|iPhoneSimulator.Build.0 = Release|Any CPU
		{E33F36C0-26DB-4EFF-BEDE-AE0BCC14C79A}.AppStore|x64.ActiveCfg = Release|Any CPU
		{E33F36C0-26DB-4EFF-BEDE-AE0BCC14C79A}.AppStore|x64.Build.0 = Release|Any CPU
		{E33F36C0-26DB-4EFF-BEDE-AE0BCC14C79A}.AppStore|x86.ActiveCfg = Release|Any CPU
		{E33F36C0-26DB-4EFF-BEDE-AE0BCC14C79A}.AppStore|x86.Build.0 = Release|Any CPU
		{E33F36C0-26DB-4EFF-BEDE-AE0BCC14C79A}.Debug|Any CPU.ActiveCfg = Debug|Any CPU
		{E33F36C0-26DB-4EFF-BEDE-AE0BCC14C79A}.Debug|Any CPU.Build.0 = Debug|Any CPU
		{E33F36C0-26DB-4EFF-BEDE-AE0BCC14C79A}.Debug|ARM.ActiveCfg = Debug|Any CPU
		{E33F36C0-26DB-4EFF-BEDE-AE0BCC14C79A}.Debug|ARM.Build.0 = Debug|Any CPU
		{E33F36C0-26DB-4EFF-BEDE-AE0BCC14C79A}.Debug|iPhone.ActiveCfg = Debug|Any CPU
		{E33F36C0-26DB-4EFF-BEDE-AE0BCC14C79A}.Debug|iPhone.Build.0 = Debug|Any CPU
		{E33F36C0-26DB-4EFF-BEDE-AE0BCC14C79A}.Debug|iPhoneSimulator.ActiveCfg = Debug|Any CPU
		{E33F36C0-26DB-4EFF-BEDE-AE0BCC14C79A}.Debug|iPhoneSimulator.Build.0 = Debug|Any CPU
		{E33F36C0-26DB-4EFF-BEDE-AE0BCC14C79A}.Debug|x64.ActiveCfg = Debug|Any CPU
		{E33F36C0-26DB-4EFF-BEDE-AE0BCC14C79A}.Debug|x64.Build.0 = Debug|Any CPU
		{E33F36C0-26DB-4EFF-BEDE-AE0BCC14C79A}.Debug|x86.ActiveCfg = Debug|Any CPU
		{E33F36C0-26DB-4EFF-BEDE-AE0BCC14C79A}.Debug|x86.Build.0 = Debug|Any CPU
		{E33F36C0-26DB-4EFF-BEDE-AE0BCC14C79A}.Release|Any CPU.ActiveCfg = Release|Any CPU
		{E33F36C0-26DB-4EFF-BEDE-AE0BCC14C79A}.Release|Any CPU.Build.0 = Release|Any CPU
		{E33F36C0-26DB-4EFF-BEDE-AE0BCC14C79A}.Release|ARM.ActiveCfg = Release|Any CPU
		{E33F36C0-26DB-4EFF-BEDE-AE0BCC14C79A}.Release|ARM.Build.0 = Release|Any CPU
		{E33F36C0-26DB-4EFF-BEDE-AE0BCC14C79A}.Release|iPhone.ActiveCfg = Release|Any CPU
		{E33F36C0-26DB-4EFF-BEDE-AE0BCC14C79A}.Release|iPhone.Build.0 = Release|Any CPU
		{E33F36C0-26DB-4EFF-BEDE-AE0BCC14C79A}.Release|iPhoneSimulator.ActiveCfg = Release|Any CPU
		{E33F36C0-26DB-4EFF-BEDE-AE0BCC14C79A}.Release|iPhoneSimulator.Build.0 = Release|Any CPU
		{E33F36C0-26DB-4EFF-BEDE-AE0BCC14C79A}.Release|x64.ActiveCfg = Release|Any CPU
		{E33F36C0-26DB-4EFF-BEDE-AE0BCC14C79A}.Release|x64.Build.0 = Release|Any CPU
		{E33F36C0-26DB-4EFF-BEDE-AE0BCC14C79A}.Release|x86.ActiveCfg = Release|Any CPU
		{E33F36C0-26DB-4EFF-BEDE-AE0BCC14C79A}.Release|x86.Build.0 = Release|Any CPU
		{84DEEC76-8D84-420E-87E3-F08A20304576}.Ad-Hoc|Any CPU.ActiveCfg = Release|Any CPU
		{84DEEC76-8D84-420E-87E3-F08A20304576}.Ad-Hoc|Any CPU.Build.0 = Release|Any CPU
		{84DEEC76-8D84-420E-87E3-F08A20304576}.Ad-Hoc|ARM.ActiveCfg = Release|Any CPU
		{84DEEC76-8D84-420E-87E3-F08A20304576}.Ad-Hoc|ARM.Build.0 = Release|Any CPU
		{84DEEC76-8D84-420E-87E3-F08A20304576}.Ad-Hoc|iPhone.ActiveCfg = Release|Any CPU
		{84DEEC76-8D84-420E-87E3-F08A20304576}.Ad-Hoc|iPhone.Build.0 = Release|Any CPU
		{84DEEC76-8D84-420E-87E3-F08A20304576}.Ad-Hoc|iPhoneSimulator.ActiveCfg = Release|Any CPU
		{84DEEC76-8D84-420E-87E3-F08A20304576}.Ad-Hoc|iPhoneSimulator.Build.0 = Release|Any CPU
		{84DEEC76-8D84-420E-87E3-F08A20304576}.Ad-Hoc|x64.ActiveCfg = Release|Any CPU
		{84DEEC76-8D84-420E-87E3-F08A20304576}.Ad-Hoc|x64.Build.0 = Release|Any CPU
		{84DEEC76-8D84-420E-87E3-F08A20304576}.Ad-Hoc|x86.ActiveCfg = Release|Any CPU
		{84DEEC76-8D84-420E-87E3-F08A20304576}.Ad-Hoc|x86.Build.0 = Release|Any CPU
		{84DEEC76-8D84-420E-87E3-F08A20304576}.AppStore|Any CPU.ActiveCfg = Release|Any CPU
		{84DEEC76-8D84-420E-87E3-F08A20304576}.AppStore|Any CPU.Build.0 = Release|Any CPU
		{84DEEC76-8D84-420E-87E3-F08A20304576}.AppStore|ARM.ActiveCfg = Release|Any CPU
		{84DEEC76-8D84-420E-87E3-F08A20304576}.AppStore|ARM.Build.0 = Release|Any CPU
		{84DEEC76-8D84-420E-87E3-F08A20304576}.AppStore|iPhone.ActiveCfg = Release|Any CPU
		{84DEEC76-8D84-420E-87E3-F08A20304576}.AppStore|iPhone.Build.0 = Release|Any CPU
		{84DEEC76-8D84-420E-87E3-F08A20304576}.AppStore|iPhoneSimulator.ActiveCfg = Release|Any CPU
		{84DEEC76-8D84-420E-87E3-F08A20304576}.AppStore|iPhoneSimulator.Build.0 = Release|Any CPU
		{84DEEC76-8D84-420E-87E3-F08A20304576}.AppStore|x64.ActiveCfg = Release|Any CPU
		{84DEEC76-8D84-420E-87E3-F08A20304576}.AppStore|x64.Build.0 = Release|Any CPU
		{84DEEC76-8D84-420E-87E3-F08A20304576}.AppStore|x86.ActiveCfg = Release|Any CPU
		{84DEEC76-8D84-420E-87E3-F08A20304576}.AppStore|x86.Build.0 = Release|Any CPU
		{84DEEC76-8D84-420E-87E3-F08A20304576}.Debug|Any CPU.ActiveCfg = Debug|Any CPU
		{84DEEC76-8D84-420E-87E3-F08A20304576}.Debug|Any CPU.Build.0 = Debug|Any CPU
		{84DEEC76-8D84-420E-87E3-F08A20304576}.Debug|ARM.ActiveCfg = Debug|Any CPU
		{84DEEC76-8D84-420E-87E3-F08A20304576}.Debug|ARM.Build.0 = Debug|Any CPU
		{84DEEC76-8D84-420E-87E3-F08A20304576}.Debug|iPhone.ActiveCfg = Debug|Any CPU
		{84DEEC76-8D84-420E-87E3-F08A20304576}.Debug|iPhone.Build.0 = Debug|Any CPU
		{84DEEC76-8D84-420E-87E3-F08A20304576}.Debug|iPhoneSimulator.ActiveCfg = Debug|Any CPU
		{84DEEC76-8D84-420E-87E3-F08A20304576}.Debug|iPhoneSimulator.Build.0 = Debug|Any CPU
		{84DEEC76-8D84-420E-87E3-F08A20304576}.Debug|x64.ActiveCfg = Debug|Any CPU
		{84DEEC76-8D84-420E-87E3-F08A20304576}.Debug|x64.Build.0 = Debug|Any CPU
		{84DEEC76-8D84-420E-87E3-F08A20304576}.Debug|x86.ActiveCfg = Debug|Any CPU
		{84DEEC76-8D84-420E-87E3-F08A20304576}.Debug|x86.Build.0 = Debug|Any CPU
		{84DEEC76-8D84-420E-87E3-F08A20304576}.Release|Any CPU.ActiveCfg = Release|Any CPU
		{84DEEC76-8D84-420E-87E3-F08A20304576}.Release|Any CPU.Build.0 = Release|Any CPU
		{84DEEC76-8D84-420E-87E3-F08A20304576}.Release|ARM.ActiveCfg = Release|Any CPU
		{84DEEC76-8D84-420E-87E3-F08A20304576}.Release|ARM.Build.0 = Release|Any CPU
		{84DEEC76-8D84-420E-87E3-F08A20304576}.Release|iPhone.ActiveCfg = Release|Any CPU
		{84DEEC76-8D84-420E-87E3-F08A20304576}.Release|iPhone.Build.0 = Release|Any CPU
		{84DEEC76-8D84-420E-87E3-F08A20304576}.Release|iPhoneSimulator.ActiveCfg = Release|Any CPU
		{84DEEC76-8D84-420E-87E3-F08A20304576}.Release|iPhoneSimulator.Build.0 = Release|Any CPU
		{84DEEC76-8D84-420E-87E3-F08A20304576}.Release|x64.ActiveCfg = Release|Any CPU
		{84DEEC76-8D84-420E-87E3-F08A20304576}.Release|x64.Build.0 = Release|Any CPU
		{84DEEC76-8D84-420E-87E3-F08A20304576}.Release|x86.ActiveCfg = Release|Any CPU
		{84DEEC76-8D84-420E-87E3-F08A20304576}.Release|x86.Build.0 = Release|Any CPU
		{D0949230-147C-43E1-B21B-36FF7D9B8E64}.Ad-Hoc|Any CPU.ActiveCfg = Release|Any CPU
		{D0949230-147C-43E1-B21B-36FF7D9B8E64}.Ad-Hoc|Any CPU.Build.0 = Release|Any CPU
		{D0949230-147C-43E1-B21B-36FF7D9B8E64}.Ad-Hoc|ARM.ActiveCfg = Release|Any CPU
		{D0949230-147C-43E1-B21B-36FF7D9B8E64}.Ad-Hoc|ARM.Build.0 = Release|Any CPU
		{D0949230-147C-43E1-B21B-36FF7D9B8E64}.Ad-Hoc|iPhone.ActiveCfg = Release|Any CPU
		{D0949230-147C-43E1-B21B-36FF7D9B8E64}.Ad-Hoc|iPhone.Build.0 = Release|Any CPU
		{D0949230-147C-43E1-B21B-36FF7D9B8E64}.Ad-Hoc|iPhoneSimulator.ActiveCfg = Release|Any CPU
		{D0949230-147C-43E1-B21B-36FF7D9B8E64}.Ad-Hoc|iPhoneSimulator.Build.0 = Release|Any CPU
		{D0949230-147C-43E1-B21B-36FF7D9B8E64}.Ad-Hoc|x64.ActiveCfg = Release|Any CPU
		{D0949230-147C-43E1-B21B-36FF7D9B8E64}.Ad-Hoc|x64.Build.0 = Release|Any CPU
		{D0949230-147C-43E1-B21B-36FF7D9B8E64}.Ad-Hoc|x86.ActiveCfg = Release|Any CPU
		{D0949230-147C-43E1-B21B-36FF7D9B8E64}.Ad-Hoc|x86.Build.0 = Release|Any CPU
		{D0949230-147C-43E1-B21B-36FF7D9B8E64}.AppStore|Any CPU.ActiveCfg = Release|Any CPU
		{D0949230-147C-43E1-B21B-36FF7D9B8E64}.AppStore|Any CPU.Build.0 = Release|Any CPU
		{D0949230-147C-43E1-B21B-36FF7D9B8E64}.AppStore|ARM.ActiveCfg = Release|Any CPU
		{D0949230-147C-43E1-B21B-36FF7D9B8E64}.AppStore|ARM.Build.0 = Release|Any CPU
		{D0949230-147C-43E1-B21B-36FF7D9B8E64}.AppStore|iPhone.ActiveCfg = Release|Any CPU
		{D0949230-147C-43E1-B21B-36FF7D9B8E64}.AppStore|iPhone.Build.0 = Release|Any CPU
		{D0949230-147C-43E1-B21B-36FF7D9B8E64}.AppStore|iPhoneSimulator.ActiveCfg = Release|Any CPU
		{D0949230-147C-43E1-B21B-36FF7D9B8E64}.AppStore|iPhoneSimulator.Build.0 = Release|Any CPU
		{D0949230-147C-43E1-B21B-36FF7D9B8E64}.AppStore|x64.ActiveCfg = Release|Any CPU
		{D0949230-147C-43E1-B21B-36FF7D9B8E64}.AppStore|x64.Build.0 = Release|Any CPU
		{D0949230-147C-43E1-B21B-36FF7D9B8E64}.AppStore|x86.ActiveCfg = Release|Any CPU
		{D0949230-147C-43E1-B21B-36FF7D9B8E64}.AppStore|x86.Build.0 = Release|Any CPU
		{D0949230-147C-43E1-B21B-36FF7D9B8E64}.Debug|Any CPU.ActiveCfg = Debug|Any CPU
		{D0949230-147C-43E1-B21B-36FF7D9B8E64}.Debug|Any CPU.Build.0 = Debug|Any CPU
		{D0949230-147C-43E1-B21B-36FF7D9B8E64}.Debug|ARM.ActiveCfg = Debug|Any CPU
		{D0949230-147C-43E1-B21B-36FF7D9B8E64}.Debug|ARM.Build.0 = Debug|Any CPU
		{D0949230-147C-43E1-B21B-36FF7D9B8E64}.Debug|iPhone.ActiveCfg = Debug|Any CPU
		{D0949230-147C-43E1-B21B-36FF7D9B8E64}.Debug|iPhone.Build.0 = Debug|Any CPU
		{D0949230-147C-43E1-B21B-36FF7D9B8E64}.Debug|iPhoneSimulator.ActiveCfg = Debug|Any CPU
		{D0949230-147C-43E1-B21B-36FF7D9B8E64}.Debug|iPhoneSimulator.Build.0 = Debug|Any CPU
		{D0949230-147C-43E1-B21B-36FF7D9B8E64}.Debug|x64.ActiveCfg = Debug|Any CPU
		{D0949230-147C-43E1-B21B-36FF7D9B8E64}.Debug|x64.Build.0 = Debug|Any CPU
		{D0949230-147C-43E1-B21B-36FF7D9B8E64}.Debug|x86.ActiveCfg = Debug|Any CPU
		{D0949230-147C-43E1-B21B-36FF7D9B8E64}.Debug|x86.Build.0 = Debug|Any CPU
		{D0949230-147C-43E1-B21B-36FF7D9B8E64}.Release|Any CPU.ActiveCfg = Release|Any CPU
		{D0949230-147C-43E1-B21B-36FF7D9B8E64}.Release|Any CPU.Build.0 = Release|Any CPU
		{D0949230-147C-43E1-B21B-36FF7D9B8E64}.Release|ARM.ActiveCfg = Release|Any CPU
		{D0949230-147C-43E1-B21B-36FF7D9B8E64}.Release|ARM.Build.0 = Release|Any CPU
		{D0949230-147C-43E1-B21B-36FF7D9B8E64}.Release|iPhone.ActiveCfg = Release|Any CPU
		{D0949230-147C-43E1-B21B-36FF7D9B8E64}.Release|iPhone.Build.0 = Release|Any CPU
		{D0949230-147C-43E1-B21B-36FF7D9B8E64}.Release|iPhoneSimulator.ActiveCfg = Release|Any CPU
		{D0949230-147C-43E1-B21B-36FF7D9B8E64}.Release|iPhoneSimulator.Build.0 = Release|Any CPU
		{D0949230-147C-43E1-B21B-36FF7D9B8E64}.Release|x64.ActiveCfg = Release|Any CPU
		{D0949230-147C-43E1-B21B-36FF7D9B8E64}.Release|x64.Build.0 = Release|Any CPU
		{D0949230-147C-43E1-B21B-36FF7D9B8E64}.Release|x86.ActiveCfg = Release|Any CPU
		{D0949230-147C-43E1-B21B-36FF7D9B8E64}.Release|x86.Build.0 = Release|Any CPU
		{2E658CFD-462B-449F-BF4D-09FBC334A4C4}.Ad-Hoc|Any CPU.ActiveCfg = Release|Any CPU
		{2E658CFD-462B-449F-BF4D-09FBC334A4C4}.Ad-Hoc|Any CPU.Build.0 = Release|Any CPU
		{2E658CFD-462B-449F-BF4D-09FBC334A4C4}.Ad-Hoc|ARM.ActiveCfg = Release|Any CPU
		{2E658CFD-462B-449F-BF4D-09FBC334A4C4}.Ad-Hoc|ARM.Build.0 = Release|Any CPU
		{2E658CFD-462B-449F-BF4D-09FBC334A4C4}.Ad-Hoc|iPhone.ActiveCfg = Release|Any CPU
		{2E658CFD-462B-449F-BF4D-09FBC334A4C4}.Ad-Hoc|iPhone.Build.0 = Release|Any CPU
		{2E658CFD-462B-449F-BF4D-09FBC334A4C4}.Ad-Hoc|iPhoneSimulator.ActiveCfg = Release|Any CPU
		{2E658CFD-462B-449F-BF4D-09FBC334A4C4}.Ad-Hoc|iPhoneSimulator.Build.0 = Release|Any CPU
		{2E658CFD-462B-449F-BF4D-09FBC334A4C4}.Ad-Hoc|x64.ActiveCfg = Release|Any CPU
		{2E658CFD-462B-449F-BF4D-09FBC334A4C4}.Ad-Hoc|x64.Build.0 = Release|Any CPU
		{2E658CFD-462B-449F-BF4D-09FBC334A4C4}.Ad-Hoc|x86.ActiveCfg = Release|Any CPU
		{2E658CFD-462B-449F-BF4D-09FBC334A4C4}.Ad-Hoc|x86.Build.0 = Release|Any CPU
		{2E658CFD-462B-449F-BF4D-09FBC334A4C4}.AppStore|Any CPU.ActiveCfg = Release|Any CPU
		{2E658CFD-462B-449F-BF4D-09FBC334A4C4}.AppStore|Any CPU.Build.0 = Release|Any CPU
		{2E658CFD-462B-449F-BF4D-09FBC334A4C4}.AppStore|ARM.ActiveCfg = Release|Any CPU
		{2E658CFD-462B-449F-BF4D-09FBC334A4C4}.AppStore|ARM.Build.0 = Release|Any CPU
		{2E658CFD-462B-449F-BF4D-09FBC334A4C4}.AppStore|iPhone.ActiveCfg = Release|Any CPU
		{2E658CFD-462B-449F-BF4D-09FBC334A4C4}.AppStore|iPhone.Build.0 = Release|Any CPU
		{2E658CFD-462B-449F-BF4D-09FBC334A4C4}.AppStore|iPhoneSimulator.ActiveCfg = Release|Any CPU
		{2E658CFD-462B-449F-BF4D-09FBC334A4C4}.AppStore|iPhoneSimulator.Build.0 = Release|Any CPU
		{2E658CFD-462B-449F-BF4D-09FBC334A4C4}.AppStore|x64.ActiveCfg = Release|Any CPU
		{2E658CFD-462B-449F-BF4D-09FBC334A4C4}.AppStore|x64.Build.0 = Release|Any CPU
		{2E658CFD-462B-449F-BF4D-09FBC334A4C4}.AppStore|x86.ActiveCfg = Release|Any CPU
		{2E658CFD-462B-449F-BF4D-09FBC334A4C4}.AppStore|x86.Build.0 = Release|Any CPU
		{2E658CFD-462B-449F-BF4D-09FBC334A4C4}.Debug|Any CPU.ActiveCfg = Debug|Any CPU
		{2E658CFD-462B-449F-BF4D-09FBC334A4C4}.Debug|Any CPU.Build.0 = Debug|Any CPU
		{2E658CFD-462B-449F-BF4D-09FBC334A4C4}.Debug|ARM.ActiveCfg = Debug|Any CPU
		{2E658CFD-462B-449F-BF4D-09FBC334A4C4}.Debug|ARM.Build.0 = Debug|Any CPU
		{2E658CFD-462B-449F-BF4D-09FBC334A4C4}.Debug|iPhone.ActiveCfg = Debug|Any CPU
		{2E658CFD-462B-449F-BF4D-09FBC334A4C4}.Debug|iPhone.Build.0 = Debug|Any CPU
		{2E658CFD-462B-449F-BF4D-09FBC334A4C4}.Debug|iPhoneSimulator.ActiveCfg = Debug|Any CPU
		{2E658CFD-462B-449F-BF4D-09FBC334A4C4}.Debug|iPhoneSimulator.Build.0 = Debug|Any CPU
		{2E658CFD-462B-449F-BF4D-09FBC334A4C4}.Debug|x64.ActiveCfg = Debug|Any CPU
		{2E658CFD-462B-449F-BF4D-09FBC334A4C4}.Debug|x64.Build.0 = Debug|Any CPU
		{2E658CFD-462B-449F-BF4D-09FBC334A4C4}.Debug|x86.ActiveCfg = Debug|Any CPU
		{2E658CFD-462B-449F-BF4D-09FBC334A4C4}.Debug|x86.Build.0 = Debug|Any CPU
		{2E658CFD-462B-449F-BF4D-09FBC334A4C4}.Release|Any CPU.ActiveCfg = Release|Any CPU
		{2E658CFD-462B-449F-BF4D-09FBC334A4C4}.Release|Any CPU.Build.0 = Release|Any CPU
		{2E658CFD-462B-449F-BF4D-09FBC334A4C4}.Release|ARM.ActiveCfg = Release|Any CPU
		{2E658CFD-462B-449F-BF4D-09FBC334A4C4}.Release|ARM.Build.0 = Release|Any CPU
		{2E658CFD-462B-449F-BF4D-09FBC334A4C4}.Release|iPhone.ActiveCfg = Release|Any CPU
		{2E658CFD-462B-449F-BF4D-09FBC334A4C4}.Release|iPhone.Build.0 = Release|Any CPU
		{2E658CFD-462B-449F-BF4D-09FBC334A4C4}.Release|iPhoneSimulator.ActiveCfg = Release|Any CPU
		{2E658CFD-462B-449F-BF4D-09FBC334A4C4}.Release|iPhoneSimulator.Build.0 = Release|Any CPU
		{2E658CFD-462B-449F-BF4D-09FBC334A4C4}.Release|x64.ActiveCfg = Release|Any CPU
		{2E658CFD-462B-449F-BF4D-09FBC334A4C4}.Release|x64.Build.0 = Release|Any CPU
		{2E658CFD-462B-449F-BF4D-09FBC334A4C4}.Release|x86.ActiveCfg = Release|Any CPU
		{2E658CFD-462B-449F-BF4D-09FBC334A4C4}.Release|x86.Build.0 = Release|Any CPU
		{050A99D4-5A26-4507-A3D2-3BF610DCF332}.Ad-Hoc|Any CPU.ActiveCfg = Release|Any CPU
		{050A99D4-5A26-4507-A3D2-3BF610DCF332}.Ad-Hoc|Any CPU.Build.0 = Release|Any CPU
		{050A99D4-5A26-4507-A3D2-3BF610DCF332}.Ad-Hoc|ARM.ActiveCfg = Release|Any CPU
		{050A99D4-5A26-4507-A3D2-3BF610DCF332}.Ad-Hoc|ARM.Build.0 = Release|Any CPU
		{050A99D4-5A26-4507-A3D2-3BF610DCF332}.Ad-Hoc|iPhone.ActiveCfg = Release|Any CPU
		{050A99D4-5A26-4507-A3D2-3BF610DCF332}.Ad-Hoc|iPhone.Build.0 = Release|Any CPU
		{050A99D4-5A26-4507-A3D2-3BF610DCF332}.Ad-Hoc|iPhoneSimulator.ActiveCfg = Release|Any CPU
		{050A99D4-5A26-4507-A3D2-3BF610DCF332}.Ad-Hoc|iPhoneSimulator.Build.0 = Release|Any CPU
		{050A99D4-5A26-4507-A3D2-3BF610DCF332}.Ad-Hoc|x64.ActiveCfg = Release|Any CPU
		{050A99D4-5A26-4507-A3D2-3BF610DCF332}.Ad-Hoc|x64.Build.0 = Release|Any CPU
		{050A99D4-5A26-4507-A3D2-3BF610DCF332}.Ad-Hoc|x86.ActiveCfg = Release|Any CPU
		{050A99D4-5A26-4507-A3D2-3BF610DCF332}.Ad-Hoc|x86.Build.0 = Release|Any CPU
		{050A99D4-5A26-4507-A3D2-3BF610DCF332}.AppStore|Any CPU.ActiveCfg = Release|Any CPU
		{050A99D4-5A26-4507-A3D2-3BF610DCF332}.AppStore|Any CPU.Build.0 = Release|Any CPU
		{050A99D4-5A26-4507-A3D2-3BF610DCF332}.AppStore|ARM.ActiveCfg = Release|Any CPU
		{050A99D4-5A26-4507-A3D2-3BF610DCF332}.AppStore|ARM.Build.0 = Release|Any CPU
		{050A99D4-5A26-4507-A3D2-3BF610DCF332}.AppStore|iPhone.ActiveCfg = Release|Any CPU
		{050A99D4-5A26-4507-A3D2-3BF610DCF332}.AppStore|iPhone.Build.0 = Release|Any CPU
		{050A99D4-5A26-4507-A3D2-3BF610DCF332}.AppStore|iPhoneSimulator.ActiveCfg = Release|Any CPU
		{050A99D4-5A26-4507-A3D2-3BF610DCF332}.AppStore|iPhoneSimulator.Build.0 = Release|Any CPU
		{050A99D4-5A26-4507-A3D2-3BF610DCF332}.AppStore|x64.ActiveCfg = Release|Any CPU
		{050A99D4-5A26-4507-A3D2-3BF610DCF332}.AppStore|x64.Build.0 = Release|Any CPU
		{050A99D4-5A26-4507-A3D2-3BF610DCF332}.AppStore|x86.ActiveCfg = Release|Any CPU
		{050A99D4-5A26-4507-A3D2-3BF610DCF332}.AppStore|x86.Build.0 = Release|Any CPU
		{050A99D4-5A26-4507-A3D2-3BF610DCF332}.Debug|Any CPU.ActiveCfg = Debug|Any CPU
		{050A99D4-5A26-4507-A3D2-3BF610DCF332}.Debug|Any CPU.Build.0 = Debug|Any CPU
		{050A99D4-5A26-4507-A3D2-3BF610DCF332}.Debug|ARM.ActiveCfg = Debug|Any CPU
		{050A99D4-5A26-4507-A3D2-3BF610DCF332}.Debug|ARM.Build.0 = Debug|Any CPU
		{050A99D4-5A26-4507-A3D2-3BF610DCF332}.Debug|iPhone.ActiveCfg = Debug|Any CPU
		{050A99D4-5A26-4507-A3D2-3BF610DCF332}.Debug|iPhone.Build.0 = Debug|Any CPU
		{050A99D4-5A26-4507-A3D2-3BF610DCF332}.Debug|iPhoneSimulator.ActiveCfg = Debug|Any CPU
		{050A99D4-5A26-4507-A3D2-3BF610DCF332}.Debug|iPhoneSimulator.Build.0 = Debug|Any CPU
		{050A99D4-5A26-4507-A3D2-3BF610DCF332}.Debug|x64.ActiveCfg = Debug|Any CPU
		{050A99D4-5A26-4507-A3D2-3BF610DCF332}.Debug|x64.Build.0 = Debug|Any CPU
		{050A99D4-5A26-4507-A3D2-3BF610DCF332}.Debug|x86.ActiveCfg = Debug|Any CPU
		{050A99D4-5A26-4507-A3D2-3BF610DCF332}.Debug|x86.Build.0 = Debug|Any CPU
		{050A99D4-5A26-4507-A3D2-3BF610DCF332}.Release|Any CPU.ActiveCfg = Release|Any CPU
		{050A99D4-5A26-4507-A3D2-3BF610DCF332}.Release|Any CPU.Build.0 = Release|Any CPU
		{050A99D4-5A26-4507-A3D2-3BF610DCF332}.Release|ARM.ActiveCfg = Release|Any CPU
		{050A99D4-5A26-4507-A3D2-3BF610DCF332}.Release|ARM.Build.0 = Release|Any CPU
		{050A99D4-5A26-4507-A3D2-3BF610DCF332}.Release|iPhone.ActiveCfg = Release|Any CPU
		{050A99D4-5A26-4507-A3D2-3BF610DCF332}.Release|iPhone.Build.0 = Release|Any CPU
		{050A99D4-5A26-4507-A3D2-3BF610DCF332}.Release|iPhoneSimulator.ActiveCfg = Release|Any CPU
		{050A99D4-5A26-4507-A3D2-3BF610DCF332}.Release|iPhoneSimulator.Build.0 = Release|Any CPU
		{050A99D4-5A26-4507-A3D2-3BF610DCF332}.Release|x64.ActiveCfg = Release|Any CPU
		{050A99D4-5A26-4507-A3D2-3BF610DCF332}.Release|x64.Build.0 = Release|Any CPU
		{050A99D4-5A26-4507-A3D2-3BF610DCF332}.Release|x86.ActiveCfg = Release|Any CPU
		{050A99D4-5A26-4507-A3D2-3BF610DCF332}.Release|x86.Build.0 = Release|Any CPU
		{5F5486CA-80BF-4208-9921-CDF84ADC2D28}.Ad-Hoc|Any CPU.ActiveCfg = Release|Any CPU
		{5F5486CA-80BF-4208-9921-CDF84ADC2D28}.Ad-Hoc|Any CPU.Build.0 = Release|Any CPU
		{5F5486CA-80BF-4208-9921-CDF84ADC2D28}.Ad-Hoc|ARM.ActiveCfg = Release|Any CPU
		{5F5486CA-80BF-4208-9921-CDF84ADC2D28}.Ad-Hoc|ARM.Build.0 = Release|Any CPU
		{5F5486CA-80BF-4208-9921-CDF84ADC2D28}.Ad-Hoc|iPhone.ActiveCfg = Release|Any CPU
		{5F5486CA-80BF-4208-9921-CDF84ADC2D28}.Ad-Hoc|iPhone.Build.0 = Release|Any CPU
		{5F5486CA-80BF-4208-9921-CDF84ADC2D28}.Ad-Hoc|iPhoneSimulator.ActiveCfg = Release|Any CPU
		{5F5486CA-80BF-4208-9921-CDF84ADC2D28}.Ad-Hoc|iPhoneSimulator.Build.0 = Release|Any CPU
		{5F5486CA-80BF-4208-9921-CDF84ADC2D28}.Ad-Hoc|x64.ActiveCfg = Release|Any CPU
		{5F5486CA-80BF-4208-9921-CDF84ADC2D28}.Ad-Hoc|x64.Build.0 = Release|Any CPU
		{5F5486CA-80BF-4208-9921-CDF84ADC2D28}.Ad-Hoc|x86.ActiveCfg = Release|Any CPU
		{5F5486CA-80BF-4208-9921-CDF84ADC2D28}.Ad-Hoc|x86.Build.0 = Release|Any CPU
		{5F5486CA-80BF-4208-9921-CDF84ADC2D28}.AppStore|Any CPU.ActiveCfg = Release|Any CPU
		{5F5486CA-80BF-4208-9921-CDF84ADC2D28}.AppStore|Any CPU.Build.0 = Release|Any CPU
		{5F5486CA-80BF-4208-9921-CDF84ADC2D28}.AppStore|ARM.ActiveCfg = Release|Any CPU
		{5F5486CA-80BF-4208-9921-CDF84ADC2D28}.AppStore|ARM.Build.0 = Release|Any CPU
		{5F5486CA-80BF-4208-9921-CDF84ADC2D28}.AppStore|iPhone.ActiveCfg = Release|Any CPU
		{5F5486CA-80BF-4208-9921-CDF84ADC2D28}.AppStore|iPhone.Build.0 = Release|Any CPU
		{5F5486CA-80BF-4208-9921-CDF84ADC2D28}.AppStore|iPhoneSimulator.ActiveCfg = Release|Any CPU
		{5F5486CA-80BF-4208-9921-CDF84ADC2D28}.AppStore|iPhoneSimulator.Build.0 = Release|Any CPU
		{5F5486CA-80BF-4208-9921-CDF84ADC2D28}.AppStore|x64.ActiveCfg = Release|Any CPU
		{5F5486CA-80BF-4208-9921-CDF84ADC2D28}.AppStore|x64.Build.0 = Release|Any CPU
		{5F5486CA-80BF-4208-9921-CDF84ADC2D28}.AppStore|x86.ActiveCfg = Release|Any CPU
		{5F5486CA-80BF-4208-9921-CDF84ADC2D28}.AppStore|x86.Build.0 = Release|Any CPU
		{5F5486CA-80BF-4208-9921-CDF84ADC2D28}.Debug|Any CPU.ActiveCfg = Debug|Any CPU
		{5F5486CA-80BF-4208-9921-CDF84ADC2D28}.Debug|Any CPU.Build.0 = Debug|Any CPU
		{5F5486CA-80BF-4208-9921-CDF84ADC2D28}.Debug|ARM.ActiveCfg = Debug|Any CPU
		{5F5486CA-80BF-4208-9921-CDF84ADC2D28}.Debug|ARM.Build.0 = Debug|Any CPU
		{5F5486CA-80BF-4208-9921-CDF84ADC2D28}.Debug|iPhone.ActiveCfg = Debug|Any CPU
		{5F5486CA-80BF-4208-9921-CDF84ADC2D28}.Debug|iPhone.Build.0 = Debug|Any CPU
		{5F5486CA-80BF-4208-9921-CDF84ADC2D28}.Debug|iPhoneSimulator.ActiveCfg = Debug|Any CPU
		{5F5486CA-80BF-4208-9921-CDF84ADC2D28}.Debug|iPhoneSimulator.Build.0 = Debug|Any CPU
		{5F5486CA-80BF-4208-9921-CDF84ADC2D28}.Debug|x64.ActiveCfg = Debug|Any CPU
		{5F5486CA-80BF-4208-9921-CDF84ADC2D28}.Debug|x64.Build.0 = Debug|Any CPU
		{5F5486CA-80BF-4208-9921-CDF84ADC2D28}.Debug|x86.ActiveCfg = Debug|Any CPU
		{5F5486CA-80BF-4208-9921-CDF84ADC2D28}.Debug|x86.Build.0 = Debug|Any CPU
		{5F5486CA-80BF-4208-9921-CDF84ADC2D28}.Release|Any CPU.ActiveCfg = Release|Any CPU
		{5F5486CA-80BF-4208-9921-CDF84ADC2D28}.Release|Any CPU.Build.0 = Release|Any CPU
		{5F5486CA-80BF-4208-9921-CDF84ADC2D28}.Release|ARM.ActiveCfg = Release|Any CPU
		{5F5486CA-80BF-4208-9921-CDF84ADC2D28}.Release|ARM.Build.0 = Release|Any CPU
		{5F5486CA-80BF-4208-9921-CDF84ADC2D28}.Release|iPhone.ActiveCfg = Release|Any CPU
		{5F5486CA-80BF-4208-9921-CDF84ADC2D28}.Release|iPhone.Build.0 = Release|Any CPU
		{5F5486CA-80BF-4208-9921-CDF84ADC2D28}.Release|iPhoneSimulator.ActiveCfg = Release|Any CPU
		{5F5486CA-80BF-4208-9921-CDF84ADC2D28}.Release|iPhoneSimulator.Build.0 = Release|Any CPU
		{5F5486CA-80BF-4208-9921-CDF84ADC2D28}.Release|x64.ActiveCfg = Release|Any CPU
		{5F5486CA-80BF-4208-9921-CDF84ADC2D28}.Release|x64.Build.0 = Release|Any CPU
		{5F5486CA-80BF-4208-9921-CDF84ADC2D28}.Release|x86.ActiveCfg = Release|Any CPU
		{5F5486CA-80BF-4208-9921-CDF84ADC2D28}.Release|x86.Build.0 = Release|Any CPU
		{D7FABB32-6F79-47F6-9C88-E285C6D17CD3}.Ad-Hoc|Any CPU.ActiveCfg = Release|Any CPU
		{D7FABB32-6F79-47F6-9C88-E285C6D17CD3}.Ad-Hoc|Any CPU.Build.0 = Release|Any CPU
		{D7FABB32-6F79-47F6-9C88-E285C6D17CD3}.Ad-Hoc|ARM.ActiveCfg = Release|Any CPU
		{D7FABB32-6F79-47F6-9C88-E285C6D17CD3}.Ad-Hoc|ARM.Build.0 = Release|Any CPU
		{D7FABB32-6F79-47F6-9C88-E285C6D17CD3}.Ad-Hoc|iPhone.ActiveCfg = Release|Any CPU
		{D7FABB32-6F79-47F6-9C88-E285C6D17CD3}.Ad-Hoc|iPhone.Build.0 = Release|Any CPU
		{D7FABB32-6F79-47F6-9C88-E285C6D17CD3}.Ad-Hoc|iPhoneSimulator.ActiveCfg = Release|Any CPU
		{D7FABB32-6F79-47F6-9C88-E285C6D17CD3}.Ad-Hoc|iPhoneSimulator.Build.0 = Release|Any CPU
		{D7FABB32-6F79-47F6-9C88-E285C6D17CD3}.Ad-Hoc|x64.ActiveCfg = Release|Any CPU
		{D7FABB32-6F79-47F6-9C88-E285C6D17CD3}.Ad-Hoc|x64.Build.0 = Release|Any CPU
		{D7FABB32-6F79-47F6-9C88-E285C6D17CD3}.Ad-Hoc|x86.ActiveCfg = Release|Any CPU
		{D7FABB32-6F79-47F6-9C88-E285C6D17CD3}.Ad-Hoc|x86.Build.0 = Release|Any CPU
		{D7FABB32-6F79-47F6-9C88-E285C6D17CD3}.AppStore|Any CPU.ActiveCfg = Release|Any CPU
		{D7FABB32-6F79-47F6-9C88-E285C6D17CD3}.AppStore|Any CPU.Build.0 = Release|Any CPU
		{D7FABB32-6F79-47F6-9C88-E285C6D17CD3}.AppStore|ARM.ActiveCfg = Release|Any CPU
		{D7FABB32-6F79-47F6-9C88-E285C6D17CD3}.AppStore|ARM.Build.0 = Release|Any CPU
		{D7FABB32-6F79-47F6-9C88-E285C6D17CD3}.AppStore|iPhone.ActiveCfg = Release|Any CPU
		{D7FABB32-6F79-47F6-9C88-E285C6D17CD3}.AppStore|iPhone.Build.0 = Release|Any CPU
		{D7FABB32-6F79-47F6-9C88-E285C6D17CD3}.AppStore|iPhoneSimulator.ActiveCfg = Release|Any CPU
		{D7FABB32-6F79-47F6-9C88-E285C6D17CD3}.AppStore|iPhoneSimulator.Build.0 = Release|Any CPU
		{D7FABB32-6F79-47F6-9C88-E285C6D17CD3}.AppStore|x64.ActiveCfg = Release|Any CPU
		{D7FABB32-6F79-47F6-9C88-E285C6D17CD3}.AppStore|x64.Build.0 = Release|Any CPU
		{D7FABB32-6F79-47F6-9C88-E285C6D17CD3}.AppStore|x86.ActiveCfg = Release|Any CPU
		{D7FABB32-6F79-47F6-9C88-E285C6D17CD3}.AppStore|x86.Build.0 = Release|Any CPU
		{D7FABB32-6F79-47F6-9C88-E285C6D17CD3}.Debug|Any CPU.ActiveCfg = Debug|Any CPU
		{D7FABB32-6F79-47F6-9C88-E285C6D17CD3}.Debug|Any CPU.Build.0 = Debug|Any CPU
		{D7FABB32-6F79-47F6-9C88-E285C6D17CD3}.Debug|ARM.ActiveCfg = Debug|Any CPU
		{D7FABB32-6F79-47F6-9C88-E285C6D17CD3}.Debug|ARM.Build.0 = Debug|Any CPU
		{D7FABB32-6F79-47F6-9C88-E285C6D17CD3}.Debug|iPhone.ActiveCfg = Debug|Any CPU
		{D7FABB32-6F79-47F6-9C88-E285C6D17CD3}.Debug|iPhone.Build.0 = Debug|Any CPU
		{D7FABB32-6F79-47F6-9C88-E285C6D17CD3}.Debug|iPhoneSimulator.ActiveCfg = Debug|Any CPU
		{D7FABB32-6F79-47F6-9C88-E285C6D17CD3}.Debug|iPhoneSimulator.Build.0 = Debug|Any CPU
		{D7FABB32-6F79-47F6-9C88-E285C6D17CD3}.Debug|x64.ActiveCfg = Debug|Any CPU
		{D7FABB32-6F79-47F6-9C88-E285C6D17CD3}.Debug|x64.Build.0 = Debug|Any CPU
		{D7FABB32-6F79-47F6-9C88-E285C6D17CD3}.Debug|x86.ActiveCfg = Debug|Any CPU
		{D7FABB32-6F79-47F6-9C88-E285C6D17CD3}.Debug|x86.Build.0 = Debug|Any CPU
		{D7FABB32-6F79-47F6-9C88-E285C6D17CD3}.Release|Any CPU.ActiveCfg = Release|Any CPU
		{D7FABB32-6F79-47F6-9C88-E285C6D17CD3}.Release|Any CPU.Build.0 = Release|Any CPU
		{D7FABB32-6F79-47F6-9C88-E285C6D17CD3}.Release|ARM.ActiveCfg = Release|Any CPU
		{D7FABB32-6F79-47F6-9C88-E285C6D17CD3}.Release|ARM.Build.0 = Release|Any CPU
		{D7FABB32-6F79-47F6-9C88-E285C6D17CD3}.Release|iPhone.ActiveCfg = Release|Any CPU
		{D7FABB32-6F79-47F6-9C88-E285C6D17CD3}.Release|iPhone.Build.0 = Release|Any CPU
		{D7FABB32-6F79-47F6-9C88-E285C6D17CD3}.Release|iPhoneSimulator.ActiveCfg = Release|Any CPU
		{D7FABB32-6F79-47F6-9C88-E285C6D17CD3}.Release|iPhoneSimulator.Build.0 = Release|Any CPU
		{D7FABB32-6F79-47F6-9C88-E285C6D17CD3}.Release|x64.ActiveCfg = Release|Any CPU
		{D7FABB32-6F79-47F6-9C88-E285C6D17CD3}.Release|x64.Build.0 = Release|Any CPU
		{D7FABB32-6F79-47F6-9C88-E285C6D17CD3}.Release|x86.ActiveCfg = Release|Any CPU
		{D7FABB32-6F79-47F6-9C88-E285C6D17CD3}.Release|x86.Build.0 = Release|Any CPU
		{2B9D789E-AF6F-490C-AF52-D94238ED8C15}.Ad-Hoc|Any CPU.ActiveCfg = Release|Any CPU
		{2B9D789E-AF6F-490C-AF52-D94238ED8C15}.Ad-Hoc|Any CPU.Build.0 = Release|Any CPU
		{2B9D789E-AF6F-490C-AF52-D94238ED8C15}.Ad-Hoc|ARM.ActiveCfg = Release|Any CPU
		{2B9D789E-AF6F-490C-AF52-D94238ED8C15}.Ad-Hoc|ARM.Build.0 = Release|Any CPU
		{2B9D789E-AF6F-490C-AF52-D94238ED8C15}.Ad-Hoc|iPhone.ActiveCfg = Release|Any CPU
		{2B9D789E-AF6F-490C-AF52-D94238ED8C15}.Ad-Hoc|iPhone.Build.0 = Release|Any CPU
		{2B9D789E-AF6F-490C-AF52-D94238ED8C15}.Ad-Hoc|iPhoneSimulator.ActiveCfg = Release|Any CPU
		{2B9D789E-AF6F-490C-AF52-D94238ED8C15}.Ad-Hoc|iPhoneSimulator.Build.0 = Release|Any CPU
		{2B9D789E-AF6F-490C-AF52-D94238ED8C15}.Ad-Hoc|x64.ActiveCfg = Release|Any CPU
		{2B9D789E-AF6F-490C-AF52-D94238ED8C15}.Ad-Hoc|x64.Build.0 = Release|Any CPU
		{2B9D789E-AF6F-490C-AF52-D94238ED8C15}.Ad-Hoc|x86.ActiveCfg = Release|Any CPU
		{2B9D789E-AF6F-490C-AF52-D94238ED8C15}.Ad-Hoc|x86.Build.0 = Release|Any CPU
		{2B9D789E-AF6F-490C-AF52-D94238ED8C15}.AppStore|Any CPU.ActiveCfg = Release|Any CPU
		{2B9D789E-AF6F-490C-AF52-D94238ED8C15}.AppStore|Any CPU.Build.0 = Release|Any CPU
		{2B9D789E-AF6F-490C-AF52-D94238ED8C15}.AppStore|ARM.ActiveCfg = Release|Any CPU
		{2B9D789E-AF6F-490C-AF52-D94238ED8C15}.AppStore|ARM.Build.0 = Release|Any CPU
		{2B9D789E-AF6F-490C-AF52-D94238ED8C15}.AppStore|iPhone.ActiveCfg = Release|Any CPU
		{2B9D789E-AF6F-490C-AF52-D94238ED8C15}.AppStore|iPhone.Build.0 = Release|Any CPU
		{2B9D789E-AF6F-490C-AF52-D94238ED8C15}.AppStore|iPhoneSimulator.ActiveCfg = Release|Any CPU
		{2B9D789E-AF6F-490C-AF52-D94238ED8C15}.AppStore|iPhoneSimulator.Build.0 = Release|Any CPU
		{2B9D789E-AF6F-490C-AF52-D94238ED8C15}.AppStore|x64.ActiveCfg = Release|Any CPU
		{2B9D789E-AF6F-490C-AF52-D94238ED8C15}.AppStore|x64.Build.0 = Release|Any CPU
		{2B9D789E-AF6F-490C-AF52-D94238ED8C15}.AppStore|x86.ActiveCfg = Release|Any CPU
		{2B9D789E-AF6F-490C-AF52-D94238ED8C15}.AppStore|x86.Build.0 = Release|Any CPU
		{2B9D789E-AF6F-490C-AF52-D94238ED8C15}.Debug|Any CPU.ActiveCfg = Debug|Any CPU
		{2B9D789E-AF6F-490C-AF52-D94238ED8C15}.Debug|Any CPU.Build.0 = Debug|Any CPU
		{2B9D789E-AF6F-490C-AF52-D94238ED8C15}.Debug|ARM.ActiveCfg = Debug|Any CPU
		{2B9D789E-AF6F-490C-AF52-D94238ED8C15}.Debug|ARM.Build.0 = Debug|Any CPU
		{2B9D789E-AF6F-490C-AF52-D94238ED8C15}.Debug|iPhone.ActiveCfg = Debug|Any CPU
		{2B9D789E-AF6F-490C-AF52-D94238ED8C15}.Debug|iPhone.Build.0 = Debug|Any CPU
		{2B9D789E-AF6F-490C-AF52-D94238ED8C15}.Debug|iPhoneSimulator.ActiveCfg = Debug|Any CPU
		{2B9D789E-AF6F-490C-AF52-D94238ED8C15}.Debug|iPhoneSimulator.Build.0 = Debug|Any CPU
		{2B9D789E-AF6F-490C-AF52-D94238ED8C15}.Debug|x64.ActiveCfg = Debug|Any CPU
		{2B9D789E-AF6F-490C-AF52-D94238ED8C15}.Debug|x64.Build.0 = Debug|Any CPU
		{2B9D789E-AF6F-490C-AF52-D94238ED8C15}.Debug|x86.ActiveCfg = Debug|Any CPU
		{2B9D789E-AF6F-490C-AF52-D94238ED8C15}.Debug|x86.Build.0 = Debug|Any CPU
		{2B9D789E-AF6F-490C-AF52-D94238ED8C15}.Release|Any CPU.ActiveCfg = Release|Any CPU
		{2B9D789E-AF6F-490C-AF52-D94238ED8C15}.Release|Any CPU.Build.0 = Release|Any CPU
		{2B9D789E-AF6F-490C-AF52-D94238ED8C15}.Release|ARM.ActiveCfg = Release|Any CPU
		{2B9D789E-AF6F-490C-AF52-D94238ED8C15}.Release|ARM.Build.0 = Release|Any CPU
		{2B9D789E-AF6F-490C-AF52-D94238ED8C15}.Release|iPhone.ActiveCfg = Release|Any CPU
		{2B9D789E-AF6F-490C-AF52-D94238ED8C15}.Release|iPhone.Build.0 = Release|Any CPU
		{2B9D789E-AF6F-490C-AF52-D94238ED8C15}.Release|iPhoneSimulator.ActiveCfg = Release|Any CPU
		{2B9D789E-AF6F-490C-AF52-D94238ED8C15}.Release|iPhoneSimulator.Build.0 = Release|Any CPU
		{2B9D789E-AF6F-490C-AF52-D94238ED8C15}.Release|x64.ActiveCfg = Release|Any CPU
		{2B9D789E-AF6F-490C-AF52-D94238ED8C15}.Release|x64.Build.0 = Release|Any CPU
		{2B9D789E-AF6F-490C-AF52-D94238ED8C15}.Release|x86.ActiveCfg = Release|Any CPU
		{2B9D789E-AF6F-490C-AF52-D94238ED8C15}.Release|x86.Build.0 = Release|Any CPU
		{B16448B8-366A-48DD-A6E8-84C75F170AE6}.Ad-Hoc|Any CPU.ActiveCfg = Debug|Any CPU
		{B16448B8-366A-48DD-A6E8-84C75F170AE6}.Ad-Hoc|Any CPU.Build.0 = Debug|Any CPU
		{B16448B8-366A-48DD-A6E8-84C75F170AE6}.Ad-Hoc|ARM.ActiveCfg = Debug|Any CPU
		{B16448B8-366A-48DD-A6E8-84C75F170AE6}.Ad-Hoc|ARM.Build.0 = Debug|Any CPU
		{B16448B8-366A-48DD-A6E8-84C75F170AE6}.Ad-Hoc|iPhone.ActiveCfg = Debug|Any CPU
		{B16448B8-366A-48DD-A6E8-84C75F170AE6}.Ad-Hoc|iPhone.Build.0 = Debug|Any CPU
		{B16448B8-366A-48DD-A6E8-84C75F170AE6}.Ad-Hoc|iPhoneSimulator.ActiveCfg = Debug|Any CPU
		{B16448B8-366A-48DD-A6E8-84C75F170AE6}.Ad-Hoc|iPhoneSimulator.Build.0 = Debug|Any CPU
		{B16448B8-366A-48DD-A6E8-84C75F170AE6}.Ad-Hoc|x64.ActiveCfg = Debug|Any CPU
		{B16448B8-366A-48DD-A6E8-84C75F170AE6}.Ad-Hoc|x64.Build.0 = Debug|Any CPU
		{B16448B8-366A-48DD-A6E8-84C75F170AE6}.Ad-Hoc|x86.ActiveCfg = Debug|Any CPU
		{B16448B8-366A-48DD-A6E8-84C75F170AE6}.Ad-Hoc|x86.Build.0 = Debug|Any CPU
		{B16448B8-366A-48DD-A6E8-84C75F170AE6}.AppStore|Any CPU.ActiveCfg = Debug|Any CPU
		{B16448B8-366A-48DD-A6E8-84C75F170AE6}.AppStore|Any CPU.Build.0 = Debug|Any CPU
		{B16448B8-366A-48DD-A6E8-84C75F170AE6}.AppStore|ARM.ActiveCfg = Debug|Any CPU
		{B16448B8-366A-48DD-A6E8-84C75F170AE6}.AppStore|ARM.Build.0 = Debug|Any CPU
		{B16448B8-366A-48DD-A6E8-84C75F170AE6}.AppStore|iPhone.ActiveCfg = Debug|Any CPU
		{B16448B8-366A-48DD-A6E8-84C75F170AE6}.AppStore|iPhone.Build.0 = Debug|Any CPU
		{B16448B8-366A-48DD-A6E8-84C75F170AE6}.AppStore|iPhoneSimulator.ActiveCfg = Debug|Any CPU
		{B16448B8-366A-48DD-A6E8-84C75F170AE6}.AppStore|iPhoneSimulator.Build.0 = Debug|Any CPU
		{B16448B8-366A-48DD-A6E8-84C75F170AE6}.AppStore|x64.ActiveCfg = Debug|Any CPU
		{B16448B8-366A-48DD-A6E8-84C75F170AE6}.AppStore|x64.Build.0 = Debug|Any CPU
		{B16448B8-366A-48DD-A6E8-84C75F170AE6}.AppStore|x86.ActiveCfg = Debug|Any CPU
		{B16448B8-366A-48DD-A6E8-84C75F170AE6}.AppStore|x86.Build.0 = Debug|Any CPU
		{B16448B8-366A-48DD-A6E8-84C75F170AE6}.Debug|Any CPU.ActiveCfg = Debug|Any CPU
		{B16448B8-366A-48DD-A6E8-84C75F170AE6}.Debug|Any CPU.Build.0 = Debug|Any CPU
		{B16448B8-366A-48DD-A6E8-84C75F170AE6}.Debug|ARM.ActiveCfg = Debug|Any CPU
		{B16448B8-366A-48DD-A6E8-84C75F170AE6}.Debug|ARM.Build.0 = Debug|Any CPU
		{B16448B8-366A-48DD-A6E8-84C75F170AE6}.Debug|iPhone.ActiveCfg = Debug|Any CPU
		{B16448B8-366A-48DD-A6E8-84C75F170AE6}.Debug|iPhone.Build.0 = Debug|Any CPU
		{B16448B8-366A-48DD-A6E8-84C75F170AE6}.Debug|iPhoneSimulator.ActiveCfg = Debug|Any CPU
		{B16448B8-366A-48DD-A6E8-84C75F170AE6}.Debug|iPhoneSimulator.Build.0 = Debug|Any CPU
		{B16448B8-366A-48DD-A6E8-84C75F170AE6}.Debug|x64.ActiveCfg = Debug|Any CPU
		{B16448B8-366A-48DD-A6E8-84C75F170AE6}.Debug|x64.Build.0 = Debug|Any CPU
		{B16448B8-366A-48DD-A6E8-84C75F170AE6}.Debug|x86.ActiveCfg = Debug|Any CPU
		{B16448B8-366A-48DD-A6E8-84C75F170AE6}.Debug|x86.Build.0 = Debug|Any CPU
		{B16448B8-366A-48DD-A6E8-84C75F170AE6}.Release|Any CPU.ActiveCfg = Release|Any CPU
		{B16448B8-366A-48DD-A6E8-84C75F170AE6}.Release|Any CPU.Build.0 = Release|Any CPU
		{B16448B8-366A-48DD-A6E8-84C75F170AE6}.Release|ARM.ActiveCfg = Release|Any CPU
		{B16448B8-366A-48DD-A6E8-84C75F170AE6}.Release|ARM.Build.0 = Release|Any CPU
		{B16448B8-366A-48DD-A6E8-84C75F170AE6}.Release|iPhone.ActiveCfg = Release|Any CPU
		{B16448B8-366A-48DD-A6E8-84C75F170AE6}.Release|iPhone.Build.0 = Release|Any CPU
		{B16448B8-366A-48DD-A6E8-84C75F170AE6}.Release|iPhoneSimulator.ActiveCfg = Release|Any CPU
		{B16448B8-366A-48DD-A6E8-84C75F170AE6}.Release|iPhoneSimulator.Build.0 = Release|Any CPU
		{B16448B8-366A-48DD-A6E8-84C75F170AE6}.Release|x64.ActiveCfg = Release|Any CPU
		{B16448B8-366A-48DD-A6E8-84C75F170AE6}.Release|x64.Build.0 = Release|Any CPU
		{B16448B8-366A-48DD-A6E8-84C75F170AE6}.Release|x86.ActiveCfg = Release|Any CPU
		{B16448B8-366A-48DD-A6E8-84C75F170AE6}.Release|x86.Build.0 = Release|Any CPU
	EndGlobalSection
	GlobalSection(SolutionProperties) = preSolution
		HideSolutionNode = FALSE
	EndGlobalSection
	GlobalSection(NestedProjects) = preSolution
		{7F2CBC08-5A48-4FE1-A577-CB4AF7EE515F} = {90134DC9-8CC5-4F70-8C7F-ABB3FD0A6EDB}
		{423BF0E4-28B7-4043-ACD0-7F1FB433858E} = {90134DC9-8CC5-4F70-8C7F-ABB3FD0A6EDB}
		{D7FABB32-6F79-47F6-9C88-E285C6D17CD3} = {90134DC9-8CC5-4F70-8C7F-ABB3FD0A6EDB}
		{2B9D789E-AF6F-490C-AF52-D94238ED8C15} = {90134DC9-8CC5-4F70-8C7F-ABB3FD0A6EDB}
	EndGlobalSection
	GlobalSection(ExtensibilityGlobals) = postSolution
		SolutionGuid = {CE1D1035-34DD-47F0-BD0C-71462365C5C7}
	EndGlobalSection
EndGlobal
